// !$*UTF8*$!
{
	archiveVersion = 1;
	classes = {
	};
	objectVersion = 77;
	objects = {

/* Begin PBXBuildFile section */
		BA19B6D92DCCE22A00D5C591 /* Preview Assets.xcassets in Resources */ = {isa = PBXBuildFile; fileRef = BA19B6D22DCCE22A00D5C591 /* Preview Assets.xcassets */; };
		BA19B6DA2DCCE22A00D5C591 /* Assets.xcassets in Resources */ = {isa = PBXBuildFile; fileRef = BA19B6D52DCCE22A00D5C591 /* Assets.xcassets */; };
		BA19B6DC2DCCE22A00D5C591 /* InTextApp.swift in Sources */ = {isa = PBXBuildFile; fileRef = BA19B6D72DCCE22A00D5C591 /* InTextApp.swift */; };
		BA19B6E12DCCE3D500D5C591 /* RegistrationView.swift in Sources */ = {isa = PBXBuildFile; fileRef = BA19B6E02DCCE3D500D5C591 /* RegistrationView.swift */; };
		BA19B6E52DCCE75E00D5C591 /* GoogleService-Info.plist in Resources */ = {isa = PBXBuildFile; fileRef = BA19B6E42DCCE75E00D5C591 /* GoogleService-Info.plist */; };
		BA377AA72DCE41A00077616B /* CustomTextField.swift in Sources */ = {isa = PBXBuildFile; fileRef = BA377AA62DCE41A00077616B /* CustomTextField.swift */; };
		BA377AAA2DCE42290077616B /* CustomTextFieldStyle.swift in Sources */ = {isa = PBXBuildFile; fileRef = BA377AA92DCE421D0077616B /* CustomTextFieldStyle.swift */; };
		BA377AAD2DCE44BA0077616B /* RegistrationViewModel.swift in Sources */ = {isa = PBXBuildFile; fileRef = BA377AAC2DCE44AC0077616B /* RegistrationViewModel.swift */; };
		BA377AB02DCE46260077616B /* RegexEnum.swift in Sources */ = {isa = PBXBuildFile; fileRef = BA377AAF2DCE461D0077616B /* RegexEnum.swift */; };
		BA377AB22DCE48D20077616B /* AnimatedGradient.swift in Sources */ = {isa = PBXBuildFile; fileRef = BA377AB12DCE48CA0077616B /* AnimatedGradient.swift */; };
		BA5B579E2DFDA7580067FD29 /* TextsViewModel.swift in Sources */ = {isa = PBXBuildFile; fileRef = BA5B579D2DFDA7520067FD29 /* TextsViewModel.swift */; };
		BA5B57A32DFDA7800067FD29 /* TextModel.swift in Sources */ = {isa = PBXBuildFile; fileRef = BA5B57A22DFDA77B0067FD29 /* TextModel.swift */; };
		BA5B57A62DFDA83F0067FD29 /* Database.xcdatamodeld in Sources */ = {isa = PBXBuildFile; fileRef = BA5B57A42DFDA83F0067FD29 /* Database.xcdatamodeld */; };
		BA5B57AD2DFDAAF50067FD29 /* CoreDataService.swift in Sources */ = {isa = PBXBuildFile; fileRef = BA5B57AC2DFDAAEE0067FD29 /* CoreDataService.swift */; };
		BA5B57AF2DFDAB790067FD29 /* PersistenceController.swift in Sources */ = {isa = PBXBuildFile; fileRef = BA5B57AE2DFDAB730067FD29 /* PersistenceController.swift */; };
		BA5B57B22DFDAC090067FD29 /* TextEntity+CoreDataClass.swift in Sources */ = {isa = PBXBuildFile; fileRef = BA5B57B02DFDAC090067FD29 /* TextEntity+CoreDataClass.swift */; };
		BA5B57B32DFDAC090067FD29 /* TextEntity+CoreDataProperties.swift in Sources */ = {isa = PBXBuildFile; fileRef = BA5B57B12DFDAC090067FD29 /* TextEntity+CoreDataProperties.swift */; };
		BA5B57B52DFDB7D90067FD29 /* TextsView.swift in Sources */ = {isa = PBXBuildFile; fileRef = BA5B57B42DFDB7D40067FD29 /* TextsView.swift */; };
		BA5B57BA2DFDB90E0067FD29 /* AddTextViewModel.swift in Sources */ = {isa = PBXBuildFile; fileRef = BA5B57B92DFDB9070067FD29 /* AddTextViewModel.swift */; };
		BA5B57BC2DFDB94C0067FD29 /* AddTextView.swift in Sources */ = {isa = PBXBuildFile; fileRef = BA5B57BB2DFDB9480067FD29 /* AddTextView.swift */; };
		BA5B57BE2DFDB96C0067FD29 /* MainActionButtonStyle.swift in Sources */ = {isa = PBXBuildFile; fileRef = BA5B57BD2DFDB9660067FD29 /* MainActionButtonStyle.swift */; };
		BA5B57C02DFDBB080067FD29 /* ManualTextEntryView.swift in Sources */ = {isa = PBXBuildFile; fileRef = BA5B57BF2DFDBB030067FD29 /* ManualTextEntryView.swift */; };
		BA5B57C22DFDBB250067FD29 /* OCRView.swift in Sources */ = {isa = PBXBuildFile; fileRef = BA5B57C12DFDBB1E0067FD29 /* OCRView.swift */; };
		BA6E24752DCCEC7D00A54249 /* FirebaseAuth in Frameworks */ = {isa = PBXBuildFile; productRef = BA6E24742DCCEC7D00A54249 /* FirebaseAuth */; };
		BA6E24772DCCEC7D00A54249 /* FirebaseAuthCombine-Community in Frameworks */ = {isa = PBXBuildFile; productRef = BA6E24762DCCEC7D00A54249 /* FirebaseAuthCombine-Community */; };
		BA6E24792DCCEC7D00A54249 /* FirebaseDatabase in Frameworks */ = {isa = PBXBuildFile; productRef = BA6E24782DCCEC7D00A54249 /* FirebaseDatabase */; };
		BA6E247B2DCCEC7D00A54249 /* FirebaseDynamicLinks in Frameworks */ = {isa = PBXBuildFile; productRef = BA6E247A2DCCEC7D00A54249 /* FirebaseDynamicLinks */; };
		BA6E247D2DCCEC7D00A54249 /* FirebaseFirestore in Frameworks */ = {isa = PBXBuildFile; productRef = BA6E247C2DCCEC7D00A54249 /* FirebaseFirestore */; };
		BA6E247F2DCCEC7D00A54249 /* FirebaseFirestoreCombine-Community in Frameworks */ = {isa = PBXBuildFile; productRef = BA6E247E2DCCEC7D00A54249 /* FirebaseFirestoreCombine-Community */; };
		BA6E24812DCCEC7D00A54249 /* FirebaseStorage in Frameworks */ = {isa = PBXBuildFile; productRef = BA6E24802DCCEC7D00A54249 /* FirebaseStorage */; };
		BA6E24832DCCECC200A54249 /* AppDelegate.swift in Sources */ = {isa = PBXBuildFile; fileRef = BA6E24822DCCECC200A54249 /* AppDelegate.swift */; };
		BA6E24862DCCEEEA00A54249 /* UserModel.swift in Sources */ = {isa = PBXBuildFile; fileRef = BA6E24852DCCEEEA00A54249 /* UserModel.swift */; };
		BA6E24882DCCEF2700A54249 /* AuthService.swift in Sources */ = {isa = PBXBuildFile; fileRef = BA6E24872DCCEF2700A54249 /* AuthService.swift */; };
		BA8B80D12DE728270031D89E /* AuthorizationView.swift in Sources */ = {isa = PBXBuildFile; fileRef = BA8B80D02DE728180031D89E /* AuthorizationView.swift */; };
		BA8B80D32DE728570031D89E /* AuthorizationViewModel.swift in Sources */ = {isa = PBXBuildFile; fileRef = BA8B80D22DE728480031D89E /* AuthorizationViewModel.swift */; };
		BA8B80D72DE72AE60031D89E /* AuthContainerView.swift in Sources */ = {isa = PBXBuildFile; fileRef = BA8B80D62DE72ADC0031D89E /* AuthContainerView.swift */; };
		BA8B80D92DE72D320031D89E /* MainTabView.swift in Sources */ = {isa = PBXBuildFile; fileRef = BA8B80D82DE72D290031D89E /* MainTabView.swift */; };
		BA8B917F2E0096F900B9F67D /* NLPService.swift in Sources */ = {isa = PBXBuildFile; fileRef = BA8B917E2E0096F300B9F67D /* NLPService.swift */; };
		BA8B91812E00979200B9F67D /* Secrets.xcconfig in Resources */ = {isa = PBXBuildFile; fileRef = BA8B91802E00979200B9F67D /* Secrets.xcconfig */; };
		BA8B91832E0098C300B9F67D /* SecretsEnum.swift in Sources */ = {isa = PBXBuildFile; fileRef = BA8B91822E0098BE00B9F67D /* SecretsEnum.swift */; };
		BA8B91852E00994400B9F67D /* TextAnalysisViewModel.swift in Sources */ = {isa = PBXBuildFile; fileRef = BA8B91842E00994300B9F67D /* TextAnalysisViewModel.swift */; };
		BA8B91872E009B1000B9F67D /* TextsService.swift in Sources */ = {isa = PBXBuildFile; fileRef = BA8B91862E009B0800B9F67D /* TextsService.swift */; };
		BA8B91892E009C8700B9F67D /* ExtDate.swift in Sources */ = {isa = PBXBuildFile; fileRef = BA8B91882E009C8500B9F67D /* ExtDate.swift */; };
		BA8B918B2E00CC5700B9F67D /* LocalAnalysisService.swift in Sources */ = {isa = PBXBuildFile; fileRef = BA8B918A2E00CC4D00B9F67D /* LocalAnalysisService.swift */; };
		BA8B918D2E00D07500B9F67D /* AnalysisMode.swift in Sources */ = {isa = PBXBuildFile; fileRef = BA8B918C2E00D06A00B9F67D /* AnalysisMode.swift */; };
		BA8B918F2E00D71800B9F67D /* AnalysisLoadingView.swift in Sources */ = {isa = PBXBuildFile; fileRef = BA8B918E2E00D71100B9F67D /* AnalysisLoadingView.swift */; };
		BA8B91912E00D84000B9F67D /* AnimatedAnalysisView.swift in Sources */ = {isa = PBXBuildFile; fileRef = BA8B91902E00D83B00B9F67D /* AnimatedAnalysisView.swift */; };
		BA8E164A2DFEE74700538859 /* TextDetailView.swift in Sources */ = {isa = PBXBuildFile; fileRef = BA8E16492DFEE73E00538859 /* TextDetailView.swift */; };
		BA8E164C2DFF013300538859 /* FileImportService.swift in Sources */ = {isa = PBXBuildFile; fileRef = BA8E164B2DFF012B00538859 /* FileImportService.swift */; };
		BA8E165A2DFF282400538859 /* RecognizedTextItem.swift in Sources */ = {isa = PBXBuildFile; fileRef = BA8E16592DFF281E00538859 /* RecognizedTextItem.swift */; };
		BA8E165F2DFF3D3B00538859 /* ImageOCRUI in Frameworks */ = {isa = PBXBuildFile; productRef = BA8E165E2DFF3D3B00538859 /* ImageOCRUI */; };
		BA8E16632DFF428900538859 /* TextEditorSheet.swift in Sources */ = {isa = PBXBuildFile; fileRef = BA8E16622DFF428500538859 /* TextEditorSheet.swift */; };
		BA8F6F7D2E0171D000A3BEB0 /* BookModel.swift in Sources */ = {isa = PBXBuildFile; fileRef = BA8F6F7C2E0171CC00A3BEB0 /* BookModel.swift */; };
		BA8F6F802E0172BA00A3BEB0 /* BookEntity+CoreDataClass.swift in Sources */ = {isa = PBXBuildFile; fileRef = BA8F6F7E2E0172BA00A3BEB0 /* BookEntity+CoreDataClass.swift */; };
		BA8F6F812E0172BA00A3BEB0 /* BookEntity+CoreDataProperties.swift in Sources */ = {isa = PBXBuildFile; fileRef = BA8F6F7F2E0172BA00A3BEB0 /* BookEntity+CoreDataProperties.swift */; };
		BA8F6F832E0172F100A3BEB0 /* BookService.swift in Sources */ = {isa = PBXBuildFile; fileRef = BA8F6F822E0172EE00A3BEB0 /* BookService.swift */; };
		BA8F6F852E01731800A3BEB0 /* AddBookViewModel.swift in Sources */ = {isa = PBXBuildFile; fileRef = BA8F6F842E01731200A3BEB0 /* AddBookViewModel.swift */; };
		BA8F6F872E01733500A3BEB0 /* AddBookView.swift in Sources */ = {isa = PBXBuildFile; fileRef = BA8F6F862E01733000A3BEB0 /* AddBookView.swift */; };
		BA8F6F892E0175FB00A3BEB0 /* BooksView.swift in Sources */ = {isa = PBXBuildFile; fileRef = BA8F6F882E0175F500A3BEB0 /* BooksView.swift */; };
		BA8F6F8B2E01760E00A3BEB0 /* BookDetailView.swift in Sources */ = {isa = PBXBuildFile; fileRef = BA8F6F8A2E01760900A3BEB0 /* BookDetailView.swift */; };
		BA8F6F8D2E01766300A3BEB0 /* BooksViewModel.swift in Sources */ = {isa = PBXBuildFile; fileRef = BA8F6F8C2E01765C00A3BEB0 /* BooksViewModel.swift */; };
		BA8F6F8F2E01AFF700A3BEB0 /* SourceType.swift in Sources */ = {isa = PBXBuildFile; fileRef = BA8F6F8E2E01AFF400A3BEB0 /* SourceType.swift */; };
		BA8F6F912E01B13E00A3BEB0 /* BookRow.swift in Sources */ = {isa = PBXBuildFile; fileRef = BA8F6F902E01B13900A3BEB0 /* BookRow.swift */; };
		BA8F6F932E01D36800A3BEB0 /* ProfileStatsViewModel.swift in Sources */ = {isa = PBXBuildFile; fileRef = BA8F6F922E01D35C00A3BEB0 /* ProfileStatsViewModel.swift */; };
		BA8F6F952E01D3F500A3BEB0 /* StatItemView.swift in Sources */ = {isa = PBXBuildFile; fileRef = BA8F6F942E01D3B500A3BEB0 /* StatItemView.swift */; };
		BA8F6F972E01DA9800A3BEB0 /* StatsView.swift in Sources */ = {isa = PBXBuildFile; fileRef = BA8F6F962E01DA9500A3BEB0 /* StatsView.swift */; };
		BA8F6F992E01E5B700A3BEB0 /* KeywordFrequency.swift in Sources */ = {isa = PBXBuildFile; fileRef = BA8F6F982E01E5B300A3BEB0 /* KeywordFrequency.swift */; };
		BA8F6F9C2E01E69400A3BEB0 /* KeywordChartView.swift in Sources */ = {isa = PBXBuildFile; fileRef = BA8F6F9B2E01E68F00A3BEB0 /* KeywordChartView.swift */; };
		BA8F6FA02E01FACA00A3BEB0 /* LemmatizerService.swift in Sources */ = {isa = PBXBuildFile; fileRef = BA8F6F9F2E01FAC900A3BEB0 /* LemmatizerService.swift */; };
		BA8F6FA62E020BAF00A3BEB0 /* QuizQuestion.swift in Sources */ = {isa = PBXBuildFile; fileRef = BA8F6FA52E020BA300A3BEB0 /* QuizQuestion.swift */; };
		BA8F6FA82E020C4D00A3BEB0 /* QuizViewModel.swift in Sources */ = {isa = PBXBuildFile; fileRef = BA8F6FA72E020C4300A3BEB0 /* QuizViewModel.swift */; };
		BA8F6FAA2E020C7000A3BEB0 /* QuizView.swift in Sources */ = {isa = PBXBuildFile; fileRef = BA8F6FA92E020C6A00A3BEB0 /* QuizView.swift */; };
		BA8F6FAC2E020CAA00A3BEB0 /* TestsView.swift in Sources */ = {isa = PBXBuildFile; fileRef = BA8F6FAB2E020CA400A3BEB0 /* TestsView.swift */; };
		BAB470EA2E02D998001FAB8A /* IdentifiableText.swift in Sources */ = {isa = PBXBuildFile; fileRef = BAB470E92E02D993001FAB8A /* IdentifiableText.swift */; };
		BAB470EC2E02E2FB001FAB8A /* ActionSection.swift in Sources */ = {isa = PBXBuildFile; fileRef = BAB470EB2E02E2F5001FAB8A /* ActionSection.swift */; };
		BAB470EE2E02E518001FAB8A /* AppThemeService.swift in Sources */ = {isa = PBXBuildFile; fileRef = BAB470ED2E02E512001FAB8A /* AppThemeService.swift */; };
		BAD3C1022DF7434A0020AF34 /* ProfileViewModel.swift in Sources */ = {isa = PBXBuildFile; fileRef = BAD3C1012DF743440020AF34 /* ProfileViewModel.swift */; };
		BAD3C1042DF744900020AF34 /* ProfileView.swift in Sources */ = {isa = PBXBuildFile; fileRef = BAD3C1032DF744900020AF34 /* ProfileView.swift */; };
		BAD3C1062DF747F30020AF34 /* SettingsView.swift in Sources */ = {isa = PBXBuildFile; fileRef = BAD3C1052DF747ED0020AF34 /* SettingsView.swift */; };
		BAD3C1082DF752D10020AF34 /* SettingsButton.swift in Sources */ = {isa = PBXBuildFile; fileRef = BAD3C1072DF752CA0020AF34 /* SettingsButton.swift */; };
		BAD3C10C2DF764DD0020AF34 /* ImageUploadService.swift in Sources */ = {isa = PBXBuildFile; fileRef = BAD3C10B2DF764D30020AF34 /* ImageUploadService.swift */; };
		BAD3C10E2DF7662B0020AF34 /* AvatarPickerView.swift in Sources */ = {isa = PBXBuildFile; fileRef = BAD3C10D2DF766220020AF34 /* AvatarPickerView.swift */; };
		BAD3C1102DF770BD0020AF34 /* ProfileAvatarView.swift in Sources */ = {isa = PBXBuildFile; fileRef = BAD3C10F2DF770B40020AF34 /* ProfileAvatarView.swift */; };
		BAD3C1122DF772510020AF34 /* ProfileInfoView.swift in Sources */ = {isa = PBXBuildFile; fileRef = BAD3C1112DF772490020AF34 /* ProfileInfoView.swift */; };
/* End PBXBuildFile section */

/* Begin PBXFileReference section */
		BA19B6BE2DCCDC3300D5C591 /* InText.app */ = {isa = PBXFileReference; explicitFileType = wrapper.application; includeInIndex = 0; path = InText.app; sourceTree = BUILT_PRODUCTS_DIR; };
		BA19B6D22DCCE22A00D5C591 /* Preview Assets.xcassets */ = {isa = PBXFileReference; lastKnownFileType = folder.assetcatalog; path = "Preview Assets.xcassets"; sourceTree = "<group>"; };
		BA19B6D52DCCE22A00D5C591 /* Assets.xcassets */ = {isa = PBXFileReference; lastKnownFileType = folder.assetcatalog; path = Assets.xcassets; sourceTree = "<group>"; };
		BA19B6D72DCCE22A00D5C591 /* InTextApp.swift */ = {isa = PBXFileReference; lastKnownFileType = sourcecode.swift; path = InTextApp.swift; sourceTree = "<group>"; };
		BA19B6E02DCCE3D500D5C591 /* RegistrationView.swift */ = {isa = PBXFileReference; lastKnownFileType = sourcecode.swift; path = RegistrationView.swift; sourceTree = "<group>"; };
		BA19B6E42DCCE75E00D5C591 /* GoogleService-Info.plist */ = {isa = PBXFileReference; lastKnownFileType = text.plist.xml; path = "GoogleService-Info.plist"; sourceTree = "<group>"; };
		BA377AA62DCE41A00077616B /* CustomTextField.swift */ = {isa = PBXFileReference; lastKnownFileType = sourcecode.swift; path = CustomTextField.swift; sourceTree = "<group>"; };
		BA377AA92DCE421D0077616B /* CustomTextFieldStyle.swift */ = {isa = PBXFileReference; lastKnownFileType = sourcecode.swift; path = CustomTextFieldStyle.swift; sourceTree = "<group>"; };
		BA377AAC2DCE44AC0077616B /* RegistrationViewModel.swift */ = {isa = PBXFileReference; lastKnownFileType = sourcecode.swift; path = RegistrationViewModel.swift; sourceTree = "<group>"; };
		BA377AAF2DCE461D0077616B /* RegexEnum.swift */ = {isa = PBXFileReference; lastKnownFileType = sourcecode.swift; path = RegexEnum.swift; sourceTree = "<group>"; };
		BA377AB12DCE48CA0077616B /* AnimatedGradient.swift */ = {isa = PBXFileReference; lastKnownFileType = sourcecode.swift; path = AnimatedGradient.swift; sourceTree = "<group>"; };
		BA5B579D2DFDA7520067FD29 /* TextsViewModel.swift */ = {isa = PBXFileReference; lastKnownFileType = sourcecode.swift; path = TextsViewModel.swift; sourceTree = "<group>"; };
		BA5B57A22DFDA77B0067FD29 /* TextModel.swift */ = {isa = PBXFileReference; lastKnownFileType = sourcecode.swift; path = TextModel.swift; sourceTree = "<group>"; };
		BA5B57A52DFDA83F0067FD29 /* Database.xcdatamodel */ = {isa = PBXFileReference; lastKnownFileType = wrapper.xcdatamodel; path = Database.xcdatamodel; sourceTree = "<group>"; };
		BA5B57AC2DFDAAEE0067FD29 /* CoreDataService.swift */ = {isa = PBXFileReference; lastKnownFileType = sourcecode.swift; path = CoreDataService.swift; sourceTree = "<group>"; };
		BA5B57AE2DFDAB730067FD29 /* PersistenceController.swift */ = {isa = PBXFileReference; lastKnownFileType = sourcecode.swift; path = PersistenceController.swift; sourceTree = "<group>"; };
		BA5B57B02DFDAC090067FD29 /* TextEntity+CoreDataClass.swift */ = {isa = PBXFileReference; lastKnownFileType = sourcecode.swift; path = "TextEntity+CoreDataClass.swift"; sourceTree = "<group>"; };
		BA5B57B12DFDAC090067FD29 /* TextEntity+CoreDataProperties.swift */ = {isa = PBXFileReference; lastKnownFileType = sourcecode.swift; path = "TextEntity+CoreDataProperties.swift"; sourceTree = "<group>"; };
		BA5B57B42DFDB7D40067FD29 /* TextsView.swift */ = {isa = PBXFileReference; lastKnownFileType = sourcecode.swift; path = TextsView.swift; sourceTree = "<group>"; };
		BA5B57B92DFDB9070067FD29 /* AddTextViewModel.swift */ = {isa = PBXFileReference; lastKnownFileType = sourcecode.swift; path = AddTextViewModel.swift; sourceTree = "<group>"; };
		BA5B57BB2DFDB9480067FD29 /* AddTextView.swift */ = {isa = PBXFileReference; lastKnownFileType = sourcecode.swift; path = AddTextView.swift; sourceTree = "<group>"; };
		BA5B57BD2DFDB9660067FD29 /* MainActionButtonStyle.swift */ = {isa = PBXFileReference; lastKnownFileType = sourcecode.swift; path = MainActionButtonStyle.swift; sourceTree = "<group>"; };
		BA5B57BF2DFDBB030067FD29 /* ManualTextEntryView.swift */ = {isa = PBXFileReference; lastKnownFileType = sourcecode.swift; path = ManualTextEntryView.swift; sourceTree = "<group>"; };
		BA5B57C12DFDBB1E0067FD29 /* OCRView.swift */ = {isa = PBXFileReference; lastKnownFileType = sourcecode.swift; path = OCRView.swift; sourceTree = "<group>"; };
		BA6E24822DCCECC200A54249 /* AppDelegate.swift */ = {isa = PBXFileReference; lastKnownFileType = sourcecode.swift; path = AppDelegate.swift; sourceTree = "<group>"; };
		BA6E24852DCCEEEA00A54249 /* UserModel.swift */ = {isa = PBXFileReference; lastKnownFileType = sourcecode.swift; path = UserModel.swift; sourceTree = "<group>"; };
		BA6E24872DCCEF2700A54249 /* AuthService.swift */ = {isa = PBXFileReference; lastKnownFileType = sourcecode.swift; path = AuthService.swift; sourceTree = "<group>"; };
		BA8B80D02DE728180031D89E /* AuthorizationView.swift */ = {isa = PBXFileReference; lastKnownFileType = sourcecode.swift; path = AuthorizationView.swift; sourceTree = "<group>"; };
		BA8B80D22DE728480031D89E /* AuthorizationViewModel.swift */ = {isa = PBXFileReference; lastKnownFileType = sourcecode.swift; path = AuthorizationViewModel.swift; sourceTree = "<group>"; };
		BA8B80D62DE72ADC0031D89E /* AuthContainerView.swift */ = {isa = PBXFileReference; lastKnownFileType = sourcecode.swift; path = AuthContainerView.swift; sourceTree = "<group>"; };
		BA8B80D82DE72D290031D89E /* MainTabView.swift */ = {isa = PBXFileReference; lastKnownFileType = sourcecode.swift; path = MainTabView.swift; sourceTree = "<group>"; };
		BA8B917E2E0096F300B9F67D /* NLPService.swift */ = {isa = PBXFileReference; lastKnownFileType = sourcecode.swift; path = NLPService.swift; sourceTree = "<group>"; };
		BA8B91802E00979200B9F67D /* Secrets.xcconfig */ = {isa = PBXFileReference; lastKnownFileType = text.xcconfig; path = Secrets.xcconfig; sourceTree = "<group>"; };
		BA8B91822E0098BE00B9F67D /* SecretsEnum.swift */ = {isa = PBXFileReference; lastKnownFileType = sourcecode.swift; path = SecretsEnum.swift; sourceTree = "<group>"; };
		BA8B91842E00994300B9F67D /* TextAnalysisViewModel.swift */ = {isa = PBXFileReference; lastKnownFileType = sourcecode.swift; path = TextAnalysisViewModel.swift; sourceTree = "<group>"; };
		BA8B91862E009B0800B9F67D /* TextsService.swift */ = {isa = PBXFileReference; lastKnownFileType = sourcecode.swift; path = TextsService.swift; sourceTree = "<group>"; };
		BA8B91882E009C8500B9F67D /* ExtDate.swift */ = {isa = PBXFileReference; lastKnownFileType = sourcecode.swift; path = ExtDate.swift; sourceTree = "<group>"; };
		BA8B918A2E00CC4D00B9F67D /* LocalAnalysisService.swift */ = {isa = PBXFileReference; lastKnownFileType = sourcecode.swift; path = LocalAnalysisService.swift; sourceTree = "<group>"; };
		BA8B918C2E00D06A00B9F67D /* AnalysisMode.swift */ = {isa = PBXFileReference; lastKnownFileType = sourcecode.swift; path = AnalysisMode.swift; sourceTree = "<group>"; };
		BA8B918E2E00D71100B9F67D /* AnalysisLoadingView.swift */ = {isa = PBXFileReference; lastKnownFileType = sourcecode.swift; path = AnalysisLoadingView.swift; sourceTree = "<group>"; };
		BA8B91902E00D83B00B9F67D /* AnimatedAnalysisView.swift */ = {isa = PBXFileReference; lastKnownFileType = sourcecode.swift; path = AnimatedAnalysisView.swift; sourceTree = "<group>"; };
		BA8E16492DFEE73E00538859 /* TextDetailView.swift */ = {isa = PBXFileReference; lastKnownFileType = sourcecode.swift; path = TextDetailView.swift; sourceTree = "<group>"; };
		BA8E164B2DFF012B00538859 /* FileImportService.swift */ = {isa = PBXFileReference; lastKnownFileType = sourcecode.swift; path = FileImportService.swift; sourceTree = "<group>"; };
		BA8E16592DFF281E00538859 /* RecognizedTextItem.swift */ = {isa = PBXFileReference; lastKnownFileType = sourcecode.swift; path = RecognizedTextItem.swift; sourceTree = "<group>"; };
		BA8E16622DFF428500538859 /* TextEditorSheet.swift */ = {isa = PBXFileReference; lastKnownFileType = sourcecode.swift; path = TextEditorSheet.swift; sourceTree = "<group>"; };
		BA8F6F7C2E0171CC00A3BEB0 /* BookModel.swift */ = {isa = PBXFileReference; lastKnownFileType = sourcecode.swift; path = BookModel.swift; sourceTree = "<group>"; };
		BA8F6F7E2E0172BA00A3BEB0 /* BookEntity+CoreDataClass.swift */ = {isa = PBXFileReference; lastKnownFileType = sourcecode.swift; name = "BookEntity+CoreDataClass.swift"; path = "../BookEntity+CoreDataClass.swift"; sourceTree = "<group>"; };
		BA8F6F7F2E0172BA00A3BEB0 /* BookEntity+CoreDataProperties.swift */ = {isa = PBXFileReference; lastKnownFileType = sourcecode.swift; name = "BookEntity+CoreDataProperties.swift"; path = "../BookEntity+CoreDataProperties.swift"; sourceTree = "<group>"; };
		BA8F6F822E0172EE00A3BEB0 /* BookService.swift */ = {isa = PBXFileReference; lastKnownFileType = sourcecode.swift; path = BookService.swift; sourceTree = "<group>"; };
		BA8F6F842E01731200A3BEB0 /* AddBookViewModel.swift */ = {isa = PBXFileReference; lastKnownFileType = sourcecode.swift; path = AddBookViewModel.swift; sourceTree = "<group>"; };
		BA8F6F862E01733000A3BEB0 /* AddBookView.swift */ = {isa = PBXFileReference; lastKnownFileType = sourcecode.swift; path = AddBookView.swift; sourceTree = "<group>"; };
		BA8F6F882E0175F500A3BEB0 /* BooksView.swift */ = {isa = PBXFileReference; lastKnownFileType = sourcecode.swift; path = BooksView.swift; sourceTree = "<group>"; };
		BA8F6F8A2E01760900A3BEB0 /* BookDetailView.swift */ = {isa = PBXFileReference; lastKnownFileType = sourcecode.swift; path = BookDetailView.swift; sourceTree = "<group>"; };
		BA8F6F8C2E01765C00A3BEB0 /* BooksViewModel.swift */ = {isa = PBXFileReference; lastKnownFileType = sourcecode.swift; path = BooksViewModel.swift; sourceTree = "<group>"; };
		BA8F6F8E2E01AFF400A3BEB0 /* SourceType.swift */ = {isa = PBXFileReference; lastKnownFileType = sourcecode.swift; path = SourceType.swift; sourceTree = "<group>"; };
		BA8F6F902E01B13900A3BEB0 /* BookRow.swift */ = {isa = PBXFileReference; lastKnownFileType = sourcecode.swift; path = BookRow.swift; sourceTree = "<group>"; };
		BA8F6F922E01D35C00A3BEB0 /* ProfileStatsViewModel.swift */ = {isa = PBXFileReference; lastKnownFileType = sourcecode.swift; path = ProfileStatsViewModel.swift; sourceTree = "<group>"; };
		BA8F6F942E01D3B500A3BEB0 /* StatItemView.swift */ = {isa = PBXFileReference; lastKnownFileType = sourcecode.swift; path = StatItemView.swift; sourceTree = "<group>"; };
		BA8F6F962E01DA9500A3BEB0 /* StatsView.swift */ = {isa = PBXFileReference; lastKnownFileType = sourcecode.swift; path = StatsView.swift; sourceTree = "<group>"; };
		BA8F6F982E01E5B300A3BEB0 /* KeywordFrequency.swift */ = {isa = PBXFileReference; lastKnownFileType = sourcecode.swift; path = KeywordFrequency.swift; sourceTree = "<group>"; };
		BA8F6F9B2E01E68F00A3BEB0 /* KeywordChartView.swift */ = {isa = PBXFileReference; lastKnownFileType = sourcecode.swift; path = KeywordChartView.swift; sourceTree = "<group>"; };
		BA8F6F9F2E01FAC900A3BEB0 /* LemmatizerService.swift */ = {isa = PBXFileReference; lastKnownFileType = sourcecode.swift; path = LemmatizerService.swift; sourceTree = "<group>"; };
		BA8F6FA52E020BA300A3BEB0 /* QuizQuestion.swift */ = {isa = PBXFileReference; lastKnownFileType = sourcecode.swift; path = QuizQuestion.swift; sourceTree = "<group>"; };
		BA8F6FA72E020C4300A3BEB0 /* QuizViewModel.swift */ = {isa = PBXFileReference; lastKnownFileType = sourcecode.swift; path = QuizViewModel.swift; sourceTree = "<group>"; };
		BA8F6FA92E020C6A00A3BEB0 /* QuizView.swift */ = {isa = PBXFileReference; lastKnownFileType = sourcecode.swift; path = QuizView.swift; sourceTree = "<group>"; };
		BA8F6FAB2E020CA400A3BEB0 /* TestsView.swift */ = {isa = PBXFileReference; lastKnownFileType = sourcecode.swift; path = TestsView.swift; sourceTree = "<group>"; };
		BAB470E92E02D993001FAB8A /* IdentifiableText.swift */ = {isa = PBXFileReference; lastKnownFileType = sourcecode.swift; path = IdentifiableText.swift; sourceTree = "<group>"; };
		BAB470EB2E02E2F5001FAB8A /* ActionSection.swift */ = {isa = PBXFileReference; lastKnownFileType = sourcecode.swift; path = ActionSection.swift; sourceTree = "<group>"; };
		BAB470ED2E02E512001FAB8A /* AppThemeService.swift */ = {isa = PBXFileReference; lastKnownFileType = sourcecode.swift; path = AppThemeService.swift; sourceTree = "<group>"; };
		BAD3C1012DF743440020AF34 /* ProfileViewModel.swift */ = {isa = PBXFileReference; lastKnownFileType = sourcecode.swift; path = ProfileViewModel.swift; sourceTree = "<group>"; };
		BAD3C1032DF744900020AF34 /* ProfileView.swift */ = {isa = PBXFileReference; lastKnownFileType = sourcecode.swift; path = ProfileView.swift; sourceTree = "<group>"; };
		BAD3C1052DF747ED0020AF34 /* SettingsView.swift */ = {isa = PBXFileReference; lastKnownFileType = sourcecode.swift; path = SettingsView.swift; sourceTree = "<group>"; };
		BAD3C1072DF752CA0020AF34 /* SettingsButton.swift */ = {isa = PBXFileReference; lastKnownFileType = sourcecode.swift; path = SettingsButton.swift; sourceTree = "<group>"; };
		BAD3C10B2DF764D30020AF34 /* ImageUploadService.swift */ = {isa = PBXFileReference; lastKnownFileType = sourcecode.swift; path = ImageUploadService.swift; sourceTree = "<group>"; };
		BAD3C10D2DF766220020AF34 /* AvatarPickerView.swift */ = {isa = PBXFileReference; lastKnownFileType = sourcecode.swift; path = AvatarPickerView.swift; sourceTree = "<group>"; };
		BAD3C10F2DF770B40020AF34 /* ProfileAvatarView.swift */ = {isa = PBXFileReference; lastKnownFileType = sourcecode.swift; path = ProfileAvatarView.swift; sourceTree = "<group>"; };
		BAD3C1112DF772490020AF34 /* ProfileInfoView.swift */ = {isa = PBXFileReference; lastKnownFileType = sourcecode.swift; path = ProfileInfoView.swift; sourceTree = "<group>"; };
/* End PBXFileReference section */

/* Begin PBXFrameworksBuildPhase section */
		BA19B6BB2DCCDC3300D5C591 /* Frameworks */ = {
			isa = PBXFrameworksBuildPhase;
			buildActionMask = 2147483647;
			files = (
				BA6E24792DCCEC7D00A54249 /* FirebaseDatabase in Frameworks */,
				BA6E24752DCCEC7D00A54249 /* FirebaseAuth in Frameworks */,
				BA6E24772DCCEC7D00A54249 /* FirebaseAuthCombine-Community in Frameworks */,
				BA6E247F2DCCEC7D00A54249 /* FirebaseFirestoreCombine-Community in Frameworks */,
				BA6E24812DCCEC7D00A54249 /* FirebaseStorage in Frameworks */,
				BA6E247D2DCCEC7D00A54249 /* FirebaseFirestore in Frameworks */,
				BA6E247B2DCCEC7D00A54249 /* FirebaseDynamicLinks in Frameworks */,
				BA8E165F2DFF3D3B00538859 /* ImageOCRUI in Frameworks */,
			);
			runOnlyForDeploymentPostprocessing = 0;
		};
/* End PBXFrameworksBuildPhase section */

/* Begin PBXGroup section */
		BA19B6B52DCCDC3300D5C591 = {
			isa = PBXGroup;
			children = (
				BA19B6D82DCCE22A00D5C591 /* InText */,
				BA19B6BF2DCCDC3300D5C591 /* Products */,
			);
			sourceTree = "<group>";
		};
		BA19B6BF2DCCDC3300D5C591 /* Products */ = {
			isa = PBXGroup;
			children = (
				BA19B6BE2DCCDC3300D5C591 /* InText.app */,
			);
			name = Products;
			sourceTree = "<group>";
		};
		BA19B6D12DCCE22A00D5C591 /* Modules */ = {
			isa = PBXGroup;
			children = (
				BA8B80D82DE72D290031D89E /* MainTabView.swift */,
				BA8F6FA12E020B0B00A3BEB0 /* TestScreen */,
				BA8F6F782E01719D00A3BEB0 /* BooksScreen */,
				BA5B57B62DFDB8EC0067FD29 /* AddTextScreen */,
				BA5B579C2DFDA73C0067FD29 /* TextsScreen */,
				BAD3C0FB2DF741BF0020AF34 /* Profile */,
				BA8B80D42DE72AB90031D89E /* AuthContainer */,
				BA8B80CD2DE726930031D89E /* Authorization */,
				BA19B6DE2DCCE38100D5C591 /* Registration */,
			);
			path = Modules;
			sourceTree = "<group>";
		};
		BA19B6D32DCCE22A00D5C591 /* Preview Content */ = {
			isa = PBXGroup;
			children = (
				BA19B6D22DCCE22A00D5C591 /* Preview Assets.xcassets */,
			);
			path = "Preview Content";
			sourceTree = "<group>";
		};
		BA19B6D42DCCE22A00D5C591 /* Services */ = {
			isa = PBXGroup;
			children = (
				BAB470ED2E02E512001FAB8A /* AppThemeService.swift */,
				BA8F6F9F2E01FAC900A3BEB0 /* LemmatizerService.swift */,
				BA8F6F822E0172EE00A3BEB0 /* BookService.swift */,
				BA8B918A2E00CC4D00B9F67D /* LocalAnalysisService.swift */,
				BA8B91862E009B0800B9F67D /* TextsService.swift */,
				BA8B917E2E0096F300B9F67D /* NLPService.swift */,
				BA8E164B2DFF012B00538859 /* FileImportService.swift */,
				BA5B57AC2DFDAAEE0067FD29 /* CoreDataService.swift */,
				BAD3C10B2DF764D30020AF34 /* ImageUploadService.swift */,
				BA6E24872DCCEF2700A54249 /* AuthService.swift */,
			);
			path = Services;
			sourceTree = "<group>";
		};
		BA19B6D82DCCE22A00D5C591 /* InText */ = {
			isa = PBXGroup;
			children = (
				BA5B57A72DFDA9920067FD29 /* Database */,
				BA377AAE2DCE460B0077616B /* Helpers */,
				BA19B6D42DCCE22A00D5C591 /* Services */,
				BA19B6D12DCCE22A00D5C591 /* Modules */,
				BA19B6DD2DCCE35E00D5C591 /* Components */,
				BA19B6D52DCCE22A00D5C591 /* Assets.xcassets */,
				BA6E24822DCCECC200A54249 /* AppDelegate.swift */,
				BA19B6D72DCCE22A00D5C591 /* InTextApp.swift */,
				BA19B6D32DCCE22A00D5C591 /* Preview Content */,
				BA19B6E42DCCE75E00D5C591 /* GoogleService-Info.plist */,
			);
			path = InText;
			sourceTree = "<group>";
		};
		BA19B6DD2DCCE35E00D5C591 /* Components */ = {
			isa = PBXGroup;
			children = (
				BAB470EB2E02E2F5001FAB8A /* ActionSection.swift */,
				BA8F6F9B2E01E68F00A3BEB0 /* KeywordChartView.swift */,
				BA8F6F962E01DA9500A3BEB0 /* StatsView.swift */,
				BA8F6F942E01D3B500A3BEB0 /* StatItemView.swift */,
				BA8F6F902E01B13900A3BEB0 /* BookRow.swift */,
				BA8B91902E00D83B00B9F67D /* AnimatedAnalysisView.swift */,
				BA8B918E2E00D71100B9F67D /* AnalysisLoadingView.swift */,
				BAD3C1112DF772490020AF34 /* ProfileInfoView.swift */,
				BAD3C10F2DF770B40020AF34 /* ProfileAvatarView.swift */,
				BA377AA62DCE41A00077616B /* CustomTextField.swift */,
				BA377AB12DCE48CA0077616B /* AnimatedGradient.swift */,
				BAD3C1072DF752CA0020AF34 /* SettingsButton.swift */,
				BA377AA82DCE42150077616B /* Styles */,
			);
			path = Components;
			sourceTree = "<group>";
		};
		BA19B6DE2DCCE38100D5C591 /* Registration */ = {
			isa = PBXGroup;
			children = (
				BA6E24842DCCEE6D00A54249 /* Model */,
				BA19B6DF2DCCE39100D5C591 /* View */,
				BA377AAB2DCE44740077616B /* ViewModel */,
			);
			path = Registration;
			sourceTree = "<group>";
		};
		BA19B6DF2DCCE39100D5C591 /* View */ = {
			isa = PBXGroup;
			children = (
				BA19B6E02DCCE3D500D5C591 /* RegistrationView.swift */,
			);
			path = View;
			sourceTree = "<group>";
		};
		BA377AA82DCE42150077616B /* Styles */ = {
			isa = PBXGroup;
			children = (
				BA5B57BD2DFDB9660067FD29 /* MainActionButtonStyle.swift */,
				BA377AA92DCE421D0077616B /* CustomTextFieldStyle.swift */,
			);
			path = Styles;
			sourceTree = "<group>";
		};
		BA377AAB2DCE44740077616B /* ViewModel */ = {
			isa = PBXGroup;
			children = (
				BA377AAC2DCE44AC0077616B /* RegistrationViewModel.swift */,
			);
			path = ViewModel;
			sourceTree = "<group>";
		};
		BA377AAE2DCE460B0077616B /* Helpers */ = {
			isa = PBXGroup;
			children = (
				BAB470E92E02D993001FAB8A /* IdentifiableText.swift */,
				BA8F6F982E01E5B300A3BEB0 /* KeywordFrequency.swift */,
				BA8F6F8E2E01AFF400A3BEB0 /* SourceType.swift */,
				BA8B918C2E00D06A00B9F67D /* AnalysisMode.swift */,
				BA8B91882E009C8500B9F67D /* ExtDate.swift */,
				BA8B91822E0098BE00B9F67D /* SecretsEnum.swift */,
				BA8B91802E00979200B9F67D /* Secrets.xcconfig */,
				BA377AAF2DCE461D0077616B /* RegexEnum.swift */,
			);
			path = Helpers;
			sourceTree = "<group>";
		};
		BA5B579C2DFDA73C0067FD29 /* TextsScreen */ = {
			isa = PBXGroup;
			children = (
				BA5B57A12DFDA7760067FD29 /* Model */,
				BA5B57A02DFDA7720067FD29 /* View */,
				BA5B579F2DFDA7680067FD29 /* ViewModel */,
			);
			path = TextsScreen;
			sourceTree = "<group>";
		};
		BA5B579F2DFDA7680067FD29 /* ViewModel */ = {
			isa = PBXGroup;
			children = (
				BA5B579D2DFDA7520067FD29 /* TextsViewModel.swift */,
			);
			path = ViewModel;
			sourceTree = "<group>";
		};
		BA5B57A02DFDA7720067FD29 /* View */ = {
			isa = PBXGroup;
			children = (
				BA5B57B42DFDB7D40067FD29 /* TextsView.swift */,
			);
			path = View;
			sourceTree = "<group>";
		};
		BA5B57A12DFDA7760067FD29 /* Model */ = {
			isa = PBXGroup;
			children = (
				BA5B57A22DFDA77B0067FD29 /* TextModel.swift */,
			);
			path = Model;
			sourceTree = "<group>";
		};
		BA5B57A72DFDA9920067FD29 /* Database */ = {
			isa = PBXGroup;
			children = (
				BA8F6F7E2E0172BA00A3BEB0 /* BookEntity+CoreDataClass.swift */,
				BA8F6F7F2E0172BA00A3BEB0 /* BookEntity+CoreDataProperties.swift */,
				BA5B57B02DFDAC090067FD29 /* TextEntity+CoreDataClass.swift */,
				BA5B57B12DFDAC090067FD29 /* TextEntity+CoreDataProperties.swift */,
				BA5B57AE2DFDAB730067FD29 /* PersistenceController.swift */,
				BA5B57A42DFDA83F0067FD29 /* Database.xcdatamodeld */,
			);
			path = Database;
			sourceTree = "<group>";
		};
		BA5B57B62DFDB8EC0067FD29 /* AddTextScreen */ = {
			isa = PBXGroup;
			children = (
				BA5B57B82DFDB9010067FD29 /* View */,
				BA5B57B72DFDB8F80067FD29 /* ViewModel */,
			);
			path = AddTextScreen;
			sourceTree = "<group>";
		};
		BA5B57B72DFDB8F80067FD29 /* ViewModel */ = {
			isa = PBXGroup;
			children = (
				BA8B91842E00994300B9F67D /* TextAnalysisViewModel.swift */,
				BA5B57B92DFDB9070067FD29 /* AddTextViewModel.swift */,
			);
			path = ViewModel;
			sourceTree = "<group>";
		};
		BA5B57B82DFDB9010067FD29 /* View */ = {
			isa = PBXGroup;
			children = (
				BA8E164E2DFF202800538859 /* Scanner */,
				BA8E16492DFEE73E00538859 /* TextDetailView.swift */,
				BA5B57BF2DFDBB030067FD29 /* ManualTextEntryView.swift */,
				BA5B57BB2DFDB9480067FD29 /* AddTextView.swift */,
			);
			path = View;
			sourceTree = "<group>";
		};
		BA6E24842DCCEE6D00A54249 /* Model */ = {
			isa = PBXGroup;
			children = (
				BA6E24852DCCEEEA00A54249 /* UserModel.swift */,
			);
			path = Model;
			sourceTree = "<group>";
		};
		BA8B80CD2DE726930031D89E /* Authorization */ = {
			isa = PBXGroup;
			children = (
				BA8B80CE2DE726A50031D89E /* View */,
				BA8B80CF2DE726AB0031D89E /* ViewModel */,
			);
			path = Authorization;
			sourceTree = "<group>";
		};
		BA8B80CE2DE726A50031D89E /* View */ = {
			isa = PBXGroup;
			children = (
				BA8B80D02DE728180031D89E /* AuthorizationView.swift */,
			);
			path = View;
			sourceTree = "<group>";
		};
		BA8B80CF2DE726AB0031D89E /* ViewModel */ = {
			isa = PBXGroup;
			children = (
				BA8B80D22DE728480031D89E /* AuthorizationViewModel.swift */,
			);
			path = ViewModel;
			sourceTree = "<group>";
		};
		BA8B80D42DE72AB90031D89E /* AuthContainer */ = {
			isa = PBXGroup;
			children = (
				BA8B80D62DE72ADC0031D89E /* AuthContainerView.swift */,
			);
			path = AuthContainer;
			sourceTree = "<group>";
		};
		BA8E164E2DFF202800538859 /* Scanner */ = {
			isa = PBXGroup;
			children = (
				BA8E16622DFF428500538859 /* TextEditorSheet.swift */,
				BA8E16592DFF281E00538859 /* RecognizedTextItem.swift */,
				BA5B57C12DFDBB1E0067FD29 /* OCRView.swift */,
			);
			path = Scanner;
			sourceTree = "<group>";
		};
		BA8F6F782E01719D00A3BEB0 /* BooksScreen */ = {
			isa = PBXGroup;
			children = (
				BA8F6F792E0171B000A3BEB0 /* Model */,
				BA8F6F7A2E0171B500A3BEB0 /* View */,
				BA8F6F7B2E0171BB00A3BEB0 /* ViewModel */,
			);
			path = BooksScreen;
			sourceTree = "<group>";
		};
		BA8F6F792E0171B000A3BEB0 /* Model */ = {
			isa = PBXGroup;
			children = (
				BA8F6F7C2E0171CC00A3BEB0 /* BookModel.swift */,
			);
			path = Model;
			sourceTree = "<group>";
		};
		BA8F6F7A2E0171B500A3BEB0 /* View */ = {
			isa = PBXGroup;
			children = (
				BA8F6F8A2E01760900A3BEB0 /* BookDetailView.swift */,
				BA8F6F882E0175F500A3BEB0 /* BooksView.swift */,
				BA8F6F862E01733000A3BEB0 /* AddBookView.swift */,
			);
			path = View;
			sourceTree = "<group>";
		};
		BA8F6F7B2E0171BB00A3BEB0 /* ViewModel */ = {
			isa = PBXGroup;
			children = (
				BA8F6F8C2E01765C00A3BEB0 /* BooksViewModel.swift */,
				BA8F6F842E01731200A3BEB0 /* AddBookViewModel.swift */,
			);
			path = ViewModel;
			sourceTree = "<group>";
		};
		BA8F6FA12E020B0B00A3BEB0 /* TestScreen */ = {
			isa = PBXGroup;
			children = (
				BA8F6FA22E020B3100A3BEB0 /* Model */,
				BA8F6FA32E020B3700A3BEB0 /* View */,
				BA8F6FA42E020B3C00A3BEB0 /* ViewModel */,
			);
			path = TestScreen;
			sourceTree = "<group>";
		};
		BA8F6FA22E020B3100A3BEB0 /* Model */ = {
			isa = PBXGroup;
			children = (
				BA8F6FA52E020BA300A3BEB0 /* QuizQuestion.swift */,
			);
			path = Model;
			sourceTree = "<group>";
		};
		BA8F6FA32E020B3700A3BEB0 /* View */ = {
			isa = PBXGroup;
			children = (
				BA8F6FAB2E020CA400A3BEB0 /* TestsView.swift */,
				BA8F6FA92E020C6A00A3BEB0 /* QuizView.swift */,
			);
			path = View;
			sourceTree = "<group>";
		};
		BA8F6FA42E020B3C00A3BEB0 /* ViewModel */ = {
			isa = PBXGroup;
			children = (
				BA8F6FA72E020C4300A3BEB0 /* QuizViewModel.swift */,
			);
			path = ViewModel;
			sourceTree = "<group>";
		};
		BAD3C0FB2DF741BF0020AF34 /* Profile */ = {
			isa = PBXGroup;
			children = (
				BAD3C0FE2DF7423A0020AF34 /* View */,
				BAD3C0FD2DF742310020AF34 /* ViewModel */,
			);
			path = Profile;
			sourceTree = "<group>";
		};
		BAD3C0FD2DF742310020AF34 /* ViewModel */ = {
			isa = PBXGroup;
			children = (
				BA8F6F922E01D35C00A3BEB0 /* ProfileStatsViewModel.swift */,
				BAD3C1012DF743440020AF34 /* ProfileViewModel.swift */,
			);
			path = ViewModel;
			sourceTree = "<group>";
		};
		BAD3C0FE2DF7423A0020AF34 /* View */ = {
			isa = PBXGroup;
			children = (
				BAD3C10D2DF766220020AF34 /* AvatarPickerView.swift */,
				BAD3C1052DF747ED0020AF34 /* SettingsView.swift */,
				BAD3C1032DF744900020AF34 /* ProfileView.swift */,
			);
			path = View;
			sourceTree = "<group>";
		};
/* End PBXGroup section */

/* Begin PBXNativeTarget section */
		BA19B6BD2DCCDC3300D5C591 /* InText */ = {
			isa = PBXNativeTarget;
			buildConfigurationList = BA19B6CC2DCCDC3400D5C591 /* Build configuration list for PBXNativeTarget "InText" */;
			buildPhases = (
				BA19B6BA2DCCDC3300D5C591 /* Sources */,
				BA19B6BB2DCCDC3300D5C591 /* Frameworks */,
				BA19B6BC2DCCDC3300D5C591 /* Resources */,
			);
			buildRules = (
			);
			dependencies = (
			);
			name = InText;
			packageProductDependencies = (
				BA6E24742DCCEC7D00A54249 /* FirebaseAuth */,
				BA6E24762DCCEC7D00A54249 /* FirebaseAuthCombine-Community */,
				BA6E24782DCCEC7D00A54249 /* FirebaseDatabase */,
				BA6E247A2DCCEC7D00A54249 /* FirebaseDynamicLinks */,
				BA6E247C2DCCEC7D00A54249 /* FirebaseFirestore */,
				BA6E247E2DCCEC7D00A54249 /* FirebaseFirestoreCombine-Community */,
				BA6E24802DCCEC7D00A54249 /* FirebaseStorage */,
				BA8E165E2DFF3D3B00538859 /* ImageOCRUI */,
			);
			productName = InText;
			productReference = BA19B6BE2DCCDC3300D5C591 /* InText.app */;
			productType = "com.apple.product-type.application";
		};
/* End PBXNativeTarget section */

/* Begin PBXProject section */
		BA19B6B62DCCDC3300D5C591 /* Project object */ = {
			isa = PBXProject;
			attributes = {
				BuildIndependentTargetsInParallel = 1;
				LastSwiftUpdateCheck = 1620;
				LastUpgradeCheck = 1620;
				TargetAttributes = {
					BA19B6BD2DCCDC3300D5C591 = {
						CreatedOnToolsVersion = 16.2;
					};
				};
			};
			buildConfigurationList = BA19B6B92DCCDC3300D5C591 /* Build configuration list for PBXProject "InText" */;
			developmentRegion = en;
			hasScannedForEncodings = 0;
			knownRegions = (
				en,
				Base,
			);
			mainGroup = BA19B6B52DCCDC3300D5C591;
			minimizedProjectReferenceProxies = 1;
			packageReferences = (
				BA6E24732DCCEC7D00A54249 /* XCRemoteSwiftPackageReference "firebase-ios-sdk" */,
				BA8E165D2DFF3D3B00538859 /* XCRemoteSwiftPackageReference "ImageOCRUI" */,
			);
			preferredProjectObjectVersion = 77;
			productRefGroup = BA19B6BF2DCCDC3300D5C591 /* Products */;
			projectDirPath = "";
			projectRoot = "";
			targets = (
				BA19B6BD2DCCDC3300D5C591 /* InText */,
			);
		};
/* End PBXProject section */

/* Begin PBXResourcesBuildPhase section */
		BA19B6BC2DCCDC3300D5C591 /* Resources */ = {
			isa = PBXResourcesBuildPhase;
			buildActionMask = 2147483647;
			files = (
				BA8B91812E00979200B9F67D /* Secrets.xcconfig in Resources */,
				BA19B6D92DCCE22A00D5C591 /* Preview Assets.xcassets in Resources */,
				BA19B6DA2DCCE22A00D5C591 /* Assets.xcassets in Resources */,
				BA19B6E52DCCE75E00D5C591 /* GoogleService-Info.plist in Resources */,
			);
			runOnlyForDeploymentPostprocessing = 0;
		};
/* End PBXResourcesBuildPhase section */

/* Begin PBXSourcesBuildPhase section */
		BA19B6BA2DCCDC3300D5C591 /* Sources */ = {
			isa = PBXSourcesBuildPhase;
			buildActionMask = 2147483647;
			files = (
				BA377AB02DCE46260077616B /* RegexEnum.swift in Sources */,
				BA8F6F872E01733500A3BEB0 /* AddBookView.swift in Sources */,
				BA5B57A62DFDA83F0067FD29 /* Database.xcdatamodeld in Sources */,
				BA8B91832E0098C300B9F67D /* SecretsEnum.swift in Sources */,
				BA5B57BE2DFDB96C0067FD29 /* MainActionButtonStyle.swift in Sources */,
				BA5B57C22DFDBB250067FD29 /* OCRView.swift in Sources */,
				BA8F6FA62E020BAF00A3BEB0 /* QuizQuestion.swift in Sources */,
				BA8B917F2E0096F900B9F67D /* NLPService.swift in Sources */,
				BAB470EA2E02D998001FAB8A /* IdentifiableText.swift in Sources */,
				BA8B91872E009B1000B9F67D /* TextsService.swift in Sources */,
				BA8B918B2E00CC5700B9F67D /* LocalAnalysisService.swift in Sources */,
				BA8B80D32DE728570031D89E /* AuthorizationViewModel.swift in Sources */,
				BA377AB22DCE48D20077616B /* AnimatedGradient.swift in Sources */,
				BAD3C1102DF770BD0020AF34 /* ProfileAvatarView.swift in Sources */,
				BAD3C1062DF747F30020AF34 /* SettingsView.swift in Sources */,
				BA8B80D12DE728270031D89E /* AuthorizationView.swift in Sources */,
				BA5B57AF2DFDAB790067FD29 /* PersistenceController.swift in Sources */,
				BA8B80D72DE72AE60031D89E /* AuthContainerView.swift in Sources */,
				BA8F6FA02E01FACA00A3BEB0 /* LemmatizerService.swift in Sources */,
				BA8F6F8D2E01766300A3BEB0 /* BooksViewModel.swift in Sources */,
				BA377AA72DCE41A00077616B /* CustomTextField.swift in Sources */,
				BA8F6F932E01D36800A3BEB0 /* ProfileStatsViewModel.swift in Sources */,
				BA8F6F832E0172F100A3BEB0 /* BookService.swift in Sources */,
				BA377AAD2DCE44BA0077616B /* RegistrationViewModel.swift in Sources */,
				BA8F6F8F2E01AFF700A3BEB0 /* SourceType.swift in Sources */,
				BA8F6F972E01DA9800A3BEB0 /* StatsView.swift in Sources */,
				BA5B57BA2DFDB90E0067FD29 /* AddTextViewModel.swift in Sources */,
				BAD3C10C2DF764DD0020AF34 /* ImageUploadService.swift in Sources */,
				BA19B6E12DCCE3D500D5C591 /* RegistrationView.swift in Sources */,
				BA8F6F802E0172BA00A3BEB0 /* BookEntity+CoreDataClass.swift in Sources */,
				BA8F6F812E0172BA00A3BEB0 /* BookEntity+CoreDataProperties.swift in Sources */,
				BA8E164A2DFEE74700538859 /* TextDetailView.swift in Sources */,
				BA377AAA2DCE42290077616B /* CustomTextFieldStyle.swift in Sources */,
				BAD3C1042DF744900020AF34 /* ProfileView.swift in Sources */,
				BA8B91912E00D84000B9F67D /* AnimatedAnalysisView.swift in Sources */,
				BA5B57BC2DFDB94C0067FD29 /* AddTextView.swift in Sources */,
				BA8B918F2E00D71800B9F67D /* AnalysisLoadingView.swift in Sources */,
				BAD3C1082DF752D10020AF34 /* SettingsButton.swift in Sources */,
				BA8F6F9C2E01E69400A3BEB0 /* KeywordChartView.swift in Sources */,
				BAD3C10E2DF7662B0020AF34 /* AvatarPickerView.swift in Sources */,
				BA8E165A2DFF282400538859 /* RecognizedTextItem.swift in Sources */,
				BA8F6F912E01B13E00A3BEB0 /* BookRow.swift in Sources */,
				BAB470EC2E02E2FB001FAB8A /* ActionSection.swift in Sources */,
				BA8F6FA82E020C4D00A3BEB0 /* QuizViewModel.swift in Sources */,
				BA8F6FAC2E020CAA00A3BEB0 /* TestsView.swift in Sources */,
				BA5B57C02DFDBB080067FD29 /* ManualTextEntryView.swift in Sources */,
				BA5B57B22DFDAC090067FD29 /* TextEntity+CoreDataClass.swift in Sources */,
				BA5B57B52DFDB7D90067FD29 /* TextsView.swift in Sources */,
				BA8B918D2E00D07500B9F67D /* AnalysisMode.swift in Sources */,
				BA8E16632DFF428900538859 /* TextEditorSheet.swift in Sources */,
				BA5B57B32DFDAC090067FD29 /* TextEntity+CoreDataProperties.swift in Sources */,
				BA8F6F992E01E5B700A3BEB0 /* KeywordFrequency.swift in Sources */,
				BA8F6FAA2E020C7000A3BEB0 /* QuizView.swift in Sources */,
				BAB470EE2E02E518001FAB8A /* AppThemeService.swift in Sources */,
				BA8F6F952E01D3F500A3BEB0 /* StatItemView.swift in Sources */,
				BA5B57A32DFDA7800067FD29 /* TextModel.swift in Sources */,
				BA5B57AD2DFDAAF50067FD29 /* CoreDataService.swift in Sources */,
				BA8B91852E00994400B9F67D /* TextAnalysisViewModel.swift in Sources */,
				BA6E24832DCCECC200A54249 /* AppDelegate.swift in Sources */,
				BAD3C1122DF772510020AF34 /* ProfileInfoView.swift in Sources */,
				BA6E24862DCCEEEA00A54249 /* UserModel.swift in Sources */,
				BA8E164C2DFF013300538859 /* FileImportService.swift in Sources */,
				BA8B91892E009C8700B9F67D /* ExtDate.swift in Sources */,
				BA8F6F892E0175FB00A3BEB0 /* BooksView.swift in Sources */,
				BA8F6F8B2E01760E00A3BEB0 /* BookDetailView.swift in Sources */,
				BA8F6F852E01731800A3BEB0 /* AddBookViewModel.swift in Sources */,
				BA5B579E2DFDA7580067FD29 /* TextsViewModel.swift in Sources */,
				BA6E24882DCCEF2700A54249 /* AuthService.swift in Sources */,
				BA19B6DC2DCCE22A00D5C591 /* InTextApp.swift in Sources */,
				BAD3C1022DF7434A0020AF34 /* ProfileViewModel.swift in Sources */,
				BA8B80D92DE72D320031D89E /* MainTabView.swift in Sources */,
				BA8F6F7D2E0171D000A3BEB0 /* BookModel.swift in Sources */,
			);
			runOnlyForDeploymentPostprocessing = 0;
		};
/* End PBXSourcesBuildPhase section */

/* Begin XCBuildConfiguration section */
		BA19B6CA2DCCDC3400D5C591 /* Debug */ = {
			isa = XCBuildConfiguration;
			baseConfigurationReference = BA8B91802E00979200B9F67D /* Secrets.xcconfig */;
			buildSettings = {
				ALWAYS_SEARCH_USER_PATHS = NO;
				ASSETCATALOG_COMPILER_GENERATE_SWIFT_ASSET_SYMBOL_EXTENSIONS = YES;
				CLANG_ANALYZER_NONNULL = YES;
				CLANG_ANALYZER_NUMBER_OBJECT_CONVERSION = YES_AGGRESSIVE;
				CLANG_CXX_LANGUAGE_STANDARD = "gnu++20";
				CLANG_ENABLE_MODULES = YES;
				CLANG_ENABLE_OBJC_ARC = YES;
				CLANG_ENABLE_OBJC_WEAK = YES;
				CLANG_WARN_BLOCK_CAPTURE_AUTORELEASING = YES;
				CLANG_WARN_BOOL_CONVERSION = YES;
				CLANG_WARN_COMMA = YES;
				CLANG_WARN_CONSTANT_CONVERSION = YES;
				CLANG_WARN_DEPRECATED_OBJC_IMPLEMENTATIONS = YES;
				CLANG_WARN_DIRECT_OBJC_ISA_USAGE = YES_ERROR;
				CLANG_WARN_DOCUMENTATION_COMMENTS = YES;
				CLANG_WARN_EMPTY_BODY = YES;
				CLANG_WARN_ENUM_CONVERSION = YES;
				CLANG_WARN_INFINITE_RECURSION = YES;
				CLANG_WARN_INT_CONVERSION = YES;
				CLANG_WARN_NON_LITERAL_NULL_CONVERSION = YES;
				CLANG_WARN_OBJC_IMPLICIT_RETAIN_SELF = YES;
				CLANG_WARN_OBJC_LITERAL_CONVERSION = YES;
				CLANG_WARN_OBJC_ROOT_CLASS = YES_ERROR;
				CLANG_WARN_QUOTED_INCLUDE_IN_FRAMEWORK_HEADER = YES;
				CLANG_WARN_RANGE_LOOP_ANALYSIS = YES;
				CLANG_WARN_STRICT_PROTOTYPES = YES;
				CLANG_WARN_SUSPICIOUS_MOVE = YES;
				CLANG_WARN_UNGUARDED_AVAILABILITY = YES_AGGRESSIVE;
				CLANG_WARN_UNREACHABLE_CODE = YES;
				CLANG_WARN__DUPLICATE_METHOD_MATCH = YES;
				COPY_PHASE_STRIP = NO;
				DEBUG_INFORMATION_FORMAT = dwarf;
				ENABLE_STRICT_OBJC_MSGSEND = YES;
				ENABLE_TESTABILITY = YES;
				ENABLE_USER_SCRIPT_SANDBOXING = YES;
				GCC_C_LANGUAGE_STANDARD = gnu17;
				GCC_DYNAMIC_NO_PIC = NO;
				GCC_NO_COMMON_BLOCKS = YES;
				GCC_OPTIMIZATION_LEVEL = 0;
				GCC_PREPROCESSOR_DEFINITIONS = (
					"DEBUG=1",
					"$(inherited)",
				);
				GCC_WARN_64_TO_32_BIT_CONVERSION = YES;
				GCC_WARN_ABOUT_RETURN_TYPE = YES_ERROR;
				GCC_WARN_UNDECLARED_SELECTOR = YES;
				GCC_WARN_UNINITIALIZED_AUTOS = YES_AGGRESSIVE;
				GCC_WARN_UNUSED_FUNCTION = YES;
				GCC_WARN_UNUSED_VARIABLE = YES;
				IPHONEOS_DEPLOYMENT_TARGET = 18.2;
				LOCALIZATION_PREFERS_STRING_CATALOGS = YES;
				MTL_ENABLE_DEBUG_INFO = INCLUDE_SOURCE;
				MTL_FAST_MATH = YES;
				ONLY_ACTIVE_ARCH = YES;
				SDKROOT = iphoneos;
				SWIFT_ACTIVE_COMPILATION_CONDITIONS = "DEBUG $(inherited)";
				SWIFT_OPTIMIZATION_LEVEL = "-Onone";
			};
			name = Debug;
		};
		BA19B6CB2DCCDC3400D5C591 /* Release */ = {
			isa = XCBuildConfiguration;
			baseConfigurationReference = BA8B91802E00979200B9F67D /* Secrets.xcconfig */;
			buildSettings = {
				ALWAYS_SEARCH_USER_PATHS = NO;
				ASSETCATALOG_COMPILER_GENERATE_SWIFT_ASSET_SYMBOL_EXTENSIONS = YES;
				CLANG_ANALYZER_NONNULL = YES;
				CLANG_ANALYZER_NUMBER_OBJECT_CONVERSION = YES_AGGRESSIVE;
				CLANG_CXX_LANGUAGE_STANDARD = "gnu++20";
				CLANG_ENABLE_MODULES = YES;
				CLANG_ENABLE_OBJC_ARC = YES;
				CLANG_ENABLE_OBJC_WEAK = YES;
				CLANG_WARN_BLOCK_CAPTURE_AUTORELEASING = YES;
				CLANG_WARN_BOOL_CONVERSION = YES;
				CLANG_WARN_COMMA = YES;
				CLANG_WARN_CONSTANT_CONVERSION = YES;
				CLANG_WARN_DEPRECATED_OBJC_IMPLEMENTATIONS = YES;
				CLANG_WARN_DIRECT_OBJC_ISA_USAGE = YES_ERROR;
				CLANG_WARN_DOCUMENTATION_COMMENTS = YES;
				CLANG_WARN_EMPTY_BODY = YES;
				CLANG_WARN_ENUM_CONVERSION = YES;
				CLANG_WARN_INFINITE_RECURSION = YES;
				CLANG_WARN_INT_CONVERSION = YES;
				CLANG_WARN_NON_LITERAL_NULL_CONVERSION = YES;
				CLANG_WARN_OBJC_IMPLICIT_RETAIN_SELF = YES;
				CLANG_WARN_OBJC_LITERAL_CONVERSION = YES;
				CLANG_WARN_OBJC_ROOT_CLASS = YES_ERROR;
				CLANG_WARN_QUOTED_INCLUDE_IN_FRAMEWORK_HEADER = YES;
				CLANG_WARN_RANGE_LOOP_ANALYSIS = YES;
				CLANG_WARN_STRICT_PROTOTYPES = YES;
				CLANG_WARN_SUSPICIOUS_MOVE = YES;
				CLANG_WARN_UNGUARDED_AVAILABILITY = YES_AGGRESSIVE;
				CLANG_WARN_UNREACHABLE_CODE = YES;
				CLANG_WARN__DUPLICATE_METHOD_MATCH = YES;
				COPY_PHASE_STRIP = NO;
				DEBUG_INFORMATION_FORMAT = "dwarf-with-dsym";
				ENABLE_NS_ASSERTIONS = NO;
				ENABLE_STRICT_OBJC_MSGSEND = YES;
				ENABLE_USER_SCRIPT_SANDBOXING = YES;
				GCC_C_LANGUAGE_STANDARD = gnu17;
				GCC_NO_COMMON_BLOCKS = YES;
				GCC_WARN_64_TO_32_BIT_CONVERSION = YES;
				GCC_WARN_ABOUT_RETURN_TYPE = YES_ERROR;
				GCC_WARN_UNDECLARED_SELECTOR = YES;
				GCC_WARN_UNINITIALIZED_AUTOS = YES_AGGRESSIVE;
				GCC_WARN_UNUSED_FUNCTION = YES;
				GCC_WARN_UNUSED_VARIABLE = YES;
				IPHONEOS_DEPLOYMENT_TARGET = 18.2;
				LOCALIZATION_PREFERS_STRING_CATALOGS = YES;
				MTL_ENABLE_DEBUG_INFO = NO;
				MTL_FAST_MATH = YES;
				SDKROOT = iphoneos;
				SWIFT_COMPILATION_MODE = wholemodule;
				VALIDATE_PRODUCT = YES;
			};
			name = Release;
		};
		BA19B6CD2DCCDC3400D5C591 /* Debug */ = {
			isa = XCBuildConfiguration;
			baseConfigurationReference = BA8B91802E00979200B9F67D /* Secrets.xcconfig */;
			buildSettings = {
				ASSETCATALOG_COMPILER_APPICON_NAME = AppIcon;
				ASSETCATALOG_COMPILER_GLOBAL_ACCENT_COLOR_NAME = AccentColor;
				CODE_SIGN_STYLE = Automatic;
				CURRENT_PROJECT_VERSION = 1;
				DEVELOPMENT_ASSET_PATHS = "\"InText/Preview Content\"";
				DEVELOPMENT_TEAM = ALBWWMG47L;
				ENABLE_PREVIEWS = YES;
				GENERATE_INFOPLIST_FILE = YES;
				INFOPLIST_FILE = InText/Info.plist;
				INFOPLIST_KEY_NSCameraUsageDescription = "Требуется доступ к камере для сканирования текста";
				INFOPLIST_KEY_NSDocumentsFolderUsageDescription = "Доступ к файлам";
				INFOPLIST_KEY_NSFileProviderDomainUsageDescription = "Доступ к файлам";
				INFOPLIST_KEY_UIApplicationSceneManifest_Generation = YES;
				INFOPLIST_KEY_UIApplicationSupportsIndirectInputEvents = YES;
				INFOPLIST_KEY_UILaunchScreen_Generation = YES;
				INFOPLIST_KEY_UISupportedInterfaceOrientations_iPad = "UIInterfaceOrientationPortrait UIInterfaceOrientationPortraitUpsideDown UIInterfaceOrientationLandscapeLeft UIInterfaceOrientationLandscapeRight";
				INFOPLIST_KEY_UISupportedInterfaceOrientations_iPhone = "UIInterfaceOrientationPortrait UIInterfaceOrientationLandscapeLeft UIInterfaceOrientationLandscapeRight";
				LD_RUNPATH_SEARCH_PATHS = (
					"$(inherited)",
					"@executable_path/Frameworks",
				);
				MARKETING_VERSION = 1.0;
				PRODUCT_BUNDLE_IDENTIFIER = com.kerikg.InText;
				PRODUCT_NAME = "$(TARGET_NAME)";
				SWIFT_EMIT_LOC_STRINGS = YES;
				SWIFT_VERSION = 5.0;
				TARGETED_DEVICE_FAMILY = "1,2";
			};
			name = Debug;
		};
		BA19B6CE2DCCDC3400D5C591 /* Release */ = {
			isa = XCBuildConfiguration;
			baseConfigurationReference = BA8B91802E00979200B9F67D /* Secrets.xcconfig */;
			buildSettings = {
				ASSETCATALOG_COMPILER_APPICON_NAME = AppIcon;
				ASSETCATALOG_COMPILER_GLOBAL_ACCENT_COLOR_NAME = AccentColor;
				CODE_SIGN_STYLE = Automatic;
				CURRENT_PROJECT_VERSION = 1;
				DEVELOPMENT_ASSET_PATHS = "\"InText/Preview Content\"";
				DEVELOPMENT_TEAM = ALBWWMG47L;
				ENABLE_PREVIEWS = YES;
				GENERATE_INFOPLIST_FILE = YES;
				INFOPLIST_FILE = InText/Info.plist;
				INFOPLIST_KEY_NSCameraUsageDescription = "Требуется доступ к камере для сканирования текста";
				INFOPLIST_KEY_NSDocumentsFolderUsageDescription = "Доступ к файлам";
				INFOPLIST_KEY_NSFileProviderDomainUsageDescription = "Доступ к файлам";
				INFOPLIST_KEY_UIApplicationSceneManifest_Generation = YES;
				INFOPLIST_KEY_UIApplicationSupportsIndirectInputEvents = YES;
				INFOPLIST_KEY_UILaunchScreen_Generation = YES;
				INFOPLIST_KEY_UISupportedInterfaceOrientations_iPad = "UIInterfaceOrientationPortrait UIInterfaceOrientationPortraitUpsideDown UIInterfaceOrientationLandscapeLeft UIInterfaceOrientationLandscapeRight";
				INFOPLIST_KEY_UISupportedInterfaceOrientations_iPhone = "UIInterfaceOrientationPortrait UIInterfaceOrientationLandscapeLeft UIInterfaceOrientationLandscapeRight";
				LD_RUNPATH_SEARCH_PATHS = (
					"$(inherited)",
					"@executable_path/Frameworks",
				);
				MARKETING_VERSION = 1.0;
				PRODUCT_BUNDLE_IDENTIFIER = com.kerikg.InText;
				PRODUCT_NAME = "$(TARGET_NAME)";
				SWIFT_EMIT_LOC_STRINGS = YES;
				SWIFT_VERSION = 5.0;
				TARGETED_DEVICE_FAMILY = "1,2";
			};
			name = Release;
		};
/* End XCBuildConfiguration section */

/* Begin XCConfigurationList section */
		BA19B6B92DCCDC3300D5C591 /* Build configuration list for PBXProject "InText" */ = {
			isa = XCConfigurationList;
			buildConfigurations = (
				BA19B6CA2DCCDC3400D5C591 /* Debug */,
				BA19B6CB2DCCDC3400D5C591 /* Release */,
			);
			defaultConfigurationIsVisible = 0;
			defaultConfigurationName = Release;
		};
		BA19B6CC2DCCDC3400D5C591 /* Build configuration list for PBXNativeTarget "InText" */ = {
			isa = XCConfigurationList;
			buildConfigurations = (
				BA19B6CD2DCCDC3400D5C591 /* Debug */,
				BA19B6CE2DCCDC3400D5C591 /* Release */,
			);
			defaultConfigurationIsVisible = 0;
			defaultConfigurationName = Release;
		};
/* End XCConfigurationList section */

/* Begin XCRemoteSwiftPackageReference section */
		BA6E24732DCCEC7D00A54249 /* XCRemoteSwiftPackageReference "firebase-ios-sdk" */ = {
			isa = XCRemoteSwiftPackageReference;
			repositoryURL = "https://github.com/firebase/firebase-ios-sdk.git";
			requirement = {
				kind = upToNextMajorVersion;
				minimumVersion = 11.12.0;
			};
		};
		BA8E165D2DFF3D3B00538859 /* XCRemoteSwiftPackageReference "ImageOCRUI" */ = {
			isa = XCRemoteSwiftPackageReference;
			repositoryURL = "https://github.com/fatihdurmaz/ImageOCRUI";
			requirement = {
				branch = main;
				kind = branch;
			};
		};
/* End XCRemoteSwiftPackageReference section */

/* Begin XCSwiftPackageProductDependency section */
		BA6E24742DCCEC7D00A54249 /* FirebaseAuth */ = {
			isa = XCSwiftPackageProductDependency;
			package = BA6E24732DCCEC7D00A54249 /* XCRemoteSwiftPackageReference "firebase-ios-sdk" */;
			productName = FirebaseAuth;
		};
		BA6E24762DCCEC7D00A54249 /* FirebaseAuthCombine-Community */ = {
			isa = XCSwiftPackageProductDependency;
			package = BA6E24732DCCEC7D00A54249 /* XCRemoteSwiftPackageReference "firebase-ios-sdk" */;
			productName = "FirebaseAuthCombine-Community";
		};
		BA6E24782DCCEC7D00A54249 /* FirebaseDatabase */ = {
			isa = XCSwiftPackageProductDependency;
			package = BA6E24732DCCEC7D00A54249 /* XCRemoteSwiftPackageReference "firebase-ios-sdk" */;
			productName = FirebaseDatabase;
		};
		BA6E247A2DCCEC7D00A54249 /* FirebaseDynamicLinks */ = {
			isa = XCSwiftPackageProductDependency;
			package = BA6E24732DCCEC7D00A54249 /* XCRemoteSwiftPackageReference "firebase-ios-sdk" */;
			productName = FirebaseDynamicLinks;
		};
		BA6E247C2DCCEC7D00A54249 /* FirebaseFirestore */ = {
			isa = XCSwiftPackageProductDependency;
			package = BA6E24732DCCEC7D00A54249 /* XCRemoteSwiftPackageReference "firebase-ios-sdk" */;
			productName = FirebaseFirestore;
		};
		BA6E247E2DCCEC7D00A54249 /* FirebaseFirestoreCombine-Community */ = {
			isa = XCSwiftPackageProductDependency;
			package = BA6E24732DCCEC7D00A54249 /* XCRemoteSwiftPackageReference "firebase-ios-sdk" */;
			productName = "FirebaseFirestoreCombine-Community";
		};
		BA6E24802DCCEC7D00A54249 /* FirebaseStorage */ = {
			isa = XCSwiftPackageProductDependency;
			package = BA6E24732DCCEC7D00A54249 /* XCRemoteSwiftPackageReference "firebase-ios-sdk" */;
			productName = FirebaseStorage;
		};
		BA8E165E2DFF3D3B00538859 /* ImageOCRUI */ = {
			isa = XCSwiftPackageProductDependency;
			package = BA8E165D2DFF3D3B00538859 /* XCRemoteSwiftPackageReference "ImageOCRUI" */;
			productName = ImageOCRUI;
		};
/* End XCSwiftPackageProductDependency section */

/* Begin XCVersionGroup section */
		BA5B57A42DFDA83F0067FD29 /* Database.xcdatamodeld */ = {
			isa = XCVersionGroup;
			children = (
				BA5B57A52DFDA83F0067FD29 /* Database.xcdatamodel */,
			);
			currentVersion = BA5B57A52DFDA83F0067FD29 /* Database.xcdatamodel */;
			path = Database.xcdatamodeld;
			sourceTree = "<group>";
			versionGroupType = wrapper.xcdatamodel;
		};
/* End XCVersionGroup section */
	};
	rootObject = BA19B6B62DCCDC3300D5C591 /* Project object */;
}
