// !$*UTF8*$!
{
	archiveVersion = 1;
	classes = {
	};
	objectVersion = 77;
	objects = {

/* Begin PBXBuildFile section */
		BA19B6D92DCCE22A00D5C591 /* Preview Assets.xcassets in Resources */ = {isa = PBXBuildFile; fileRef = BA19B6D22DCCE22A00D5C591 /* Preview Assets.xcassets */; };
		BA19B6DA2DCCE22A00D5C591 /* Assets.xcassets in Resources */ = {isa = PBXBuildFile; fileRef = BA19B6D52DCCE22A00D5C591 /* Assets.xcassets */; };
		BA19B6DB2DCCE22A00D5C591 /* ContentView.swift in Sources */ = {isa = PBXBuildFile; fileRef = BA19B6D62DCCE22A00D5C591 /* ContentView.swift */; };
		BA19B6DC2DCCE22A00D5C591 /* InTextApp.swift in Sources */ = {isa = PBXBuildFile; fileRef = BA19B6D72DCCE22A00D5C591 /* InTextApp.swift */; };
		BA19B6E12DCCE3D500D5C591 /* RegistrationView.swift in Sources */ = {isa = PBXBuildFile; fileRef = BA19B6E02DCCE3D500D5C591 /* RegistrationView.swift */; };
		BA19B6E52DCCE75E00D5C591 /* GoogleService-Info.plist in Resources */ = {isa = PBXBuildFile; fileRef = BA19B6E42DCCE75E00D5C591 /* GoogleService-Info.plist */; };
		BA377AA72DCE41A00077616B /* CustomTextField.swift in Sources */ = {isa = PBXBuildFile; fileRef = BA377AA62DCE41A00077616B /* CustomTextField.swift */; };
		BA377AAA2DCE42290077616B /* CustomTextFieldStyle.swift in Sources */ = {isa = PBXBuildFile; fileRef = BA377AA92DCE421D0077616B /* CustomTextFieldStyle.swift */; };
		BA377AAD2DCE44BA0077616B /* RegistrationViewModel.swift in Sources */ = {isa = PBXBuildFile; fileRef = BA377AAC2DCE44AC0077616B /* RegistrationViewModel.swift */; };
		BA377AB02DCE46260077616B /* RegexEnum.swift in Sources */ = {isa = PBXBuildFile; fileRef = BA377AAF2DCE461D0077616B /* RegexEnum.swift */; };
		BA377AB22DCE48D20077616B /* AnimatedGradient.swift in Sources */ = {isa = PBXBuildFile; fileRef = BA377AB12DCE48CA0077616B /* AnimatedGradient.swift */; };
		BA6E24752DCCEC7D00A54249 /* FirebaseAuth in Frameworks */ = {isa = PBXBuildFile; productRef = BA6E24742DCCEC7D00A54249 /* FirebaseAuth */; };
		BA6E24772DCCEC7D00A54249 /* FirebaseAuthCombine-Community in Frameworks */ = {isa = PBXBuildFile; productRef = BA6E24762DCCEC7D00A54249 /* FirebaseAuthCombine-Community */; };
		BA6E24792DCCEC7D00A54249 /* FirebaseDatabase in Frameworks */ = {isa = PBXBuildFile; productRef = BA6E24782DCCEC7D00A54249 /* FirebaseDatabase */; };
		BA6E247B2DCCEC7D00A54249 /* FirebaseDynamicLinks in Frameworks */ = {isa = PBXBuildFile; productRef = BA6E247A2DCCEC7D00A54249 /* FirebaseDynamicLinks */; };
		BA6E247D2DCCEC7D00A54249 /* FirebaseFirestore in Frameworks */ = {isa = PBXBuildFile; productRef = BA6E247C2DCCEC7D00A54249 /* FirebaseFirestore */; };
		BA6E247F2DCCEC7D00A54249 /* FirebaseFirestoreCombine-Community in Frameworks */ = {isa = PBXBuildFile; productRef = BA6E247E2DCCEC7D00A54249 /* FirebaseFirestoreCombine-Community */; };
		BA6E24812DCCEC7D00A54249 /* FirebaseStorage in Frameworks */ = {isa = PBXBuildFile; productRef = BA6E24802DCCEC7D00A54249 /* FirebaseStorage */; };
		BA6E24832DCCECC200A54249 /* AppDelegate.swift in Sources */ = {isa = PBXBuildFile; fileRef = BA6E24822DCCECC200A54249 /* AppDelegate.swift */; };
		BA6E24862DCCEEEA00A54249 /* UserModel.swift in Sources */ = {isa = PBXBuildFile; fileRef = BA6E24852DCCEEEA00A54249 /* UserModel.swift */; };
		BA6E24882DCCEF2700A54249 /* AuthService.swift in Sources */ = {isa = PBXBuildFile; fileRef = BA6E24872DCCEF2700A54249 /* AuthService.swift */; };
		BA8B80D12DE728270031D89E /* AuthorizationView.swift in Sources */ = {isa = PBXBuildFile; fileRef = BA8B80D02DE728180031D89E /* AuthorizationView.swift */; };
		BA8B80D32DE728570031D89E /* AuthorizationViewModel.swift in Sources */ = {isa = PBXBuildFile; fileRef = BA8B80D22DE728480031D89E /* AuthorizationViewModel.swift */; };
		BA8B80D72DE72AE60031D89E /* AuthContainerView.swift in Sources */ = {isa = PBXBuildFile; fileRef = BA8B80D62DE72ADC0031D89E /* AuthContainerView.swift */; };
		BA8B80D92DE72D320031D89E /* MainTabView.swift in Sources */ = {isa = PBXBuildFile; fileRef = BA8B80D82DE72D290031D89E /* MainTabView.swift */; };
		BAD3C1022DF7434A0020AF34 /* ProfileViewModel.swift in Sources */ = {isa = PBXBuildFile; fileRef = BAD3C1012DF743440020AF34 /* ProfileViewModel.swift */; };
		BAD3C1042DF744900020AF34 /* ProfileView.swift in Sources */ = {isa = PBXBuildFile; fileRef = BAD3C1032DF744900020AF34 /* ProfileView.swift */; };
		BAD3C1062DF747F30020AF34 /* SettingsView.swift in Sources */ = {isa = PBXBuildFile; fileRef = BAD3C1052DF747ED0020AF34 /* SettingsView.swift */; };
		BAD3C1082DF752D10020AF34 /* SettingsButton.swift in Sources */ = {isa = PBXBuildFile; fileRef = BAD3C1072DF752CA0020AF34 /* SettingsButton.swift */; };
		BAD3C10C2DF764DD0020AF34 /* ImageUploadService.swift in Sources */ = {isa = PBXBuildFile; fileRef = BAD3C10B2DF764D30020AF34 /* ImageUploadService.swift */; };
		BAD3C10E2DF7662B0020AF34 /* AvatarPickerView.swift in Sources */ = {isa = PBXBuildFile; fileRef = BAD3C10D2DF766220020AF34 /* AvatarPickerView.swift */; };
		BAD3C1102DF770BD0020AF34 /* ProfileAvatarView.swift in Sources */ = {isa = PBXBuildFile; fileRef = BAD3C10F2DF770B40020AF34 /* ProfileAvatarView.swift */; };
		BAD3C1122DF772510020AF34 /* ProfileInfoView.swift in Sources */ = {isa = PBXBuildFile; fileRef = BAD3C1112DF772490020AF34 /* ProfileInfoView.swift */; };
/* End PBXBuildFile section */

/* Begin PBXFileReference section */
		BA19B6BE2DCCDC3300D5C591 /* InText.app */ = {isa = PBXFileReference; explicitFileType = wrapper.application; includeInIndex = 0; path = InText.app; sourceTree = BUILT_PRODUCTS_DIR; };
		BA19B6D22DCCE22A00D5C591 /* Preview Assets.xcassets */ = {isa = PBXFileReference; lastKnownFileType = folder.assetcatalog; path = "Preview Assets.xcassets"; sourceTree = "<group>"; };
		BA19B6D52DCCE22A00D5C591 /* Assets.xcassets */ = {isa = PBXFileReference; lastKnownFileType = folder.assetcatalog; path = Assets.xcassets; sourceTree = "<group>"; };
		BA19B6D62DCCE22A00D5C591 /* ContentView.swift */ = {isa = PBXFileReference; lastKnownFileType = sourcecode.swift; path = ContentView.swift; sourceTree = "<group>"; };
		BA19B6D72DCCE22A00D5C591 /* InTextApp.swift */ = {isa = PBXFileReference; lastKnownFileType = sourcecode.swift; path = InTextApp.swift; sourceTree = "<group>"; };
		BA19B6E02DCCE3D500D5C591 /* RegistrationView.swift */ = {isa = PBXFileReference; lastKnownFileType = sourcecode.swift; path = RegistrationView.swift; sourceTree = "<group>"; };
		BA19B6E42DCCE75E00D5C591 /* GoogleService-Info.plist */ = {isa = PBXFileReference; lastKnownFileType = text.plist.xml; path = "GoogleService-Info.plist"; sourceTree = "<group>"; };
		BA377AA62DCE41A00077616B /* CustomTextField.swift */ = {isa = PBXFileReference; lastKnownFileType = sourcecode.swift; path = CustomTextField.swift; sourceTree = "<group>"; };
		BA377AA92DCE421D0077616B /* CustomTextFieldStyle.swift */ = {isa = PBXFileReference; lastKnownFileType = sourcecode.swift; path = CustomTextFieldStyle.swift; sourceTree = "<group>"; };
		BA377AAC2DCE44AC0077616B /* RegistrationViewModel.swift */ = {isa = PBXFileReference; lastKnownFileType = sourcecode.swift; path = RegistrationViewModel.swift; sourceTree = "<group>"; };
		BA377AAF2DCE461D0077616B /* RegexEnum.swift */ = {isa = PBXFileReference; lastKnownFileType = sourcecode.swift; path = RegexEnum.swift; sourceTree = "<group>"; };
		BA377AB12DCE48CA0077616B /* AnimatedGradient.swift */ = {isa = PBXFileReference; lastKnownFileType = sourcecode.swift; path = AnimatedGradient.swift; sourceTree = "<group>"; };
		BA6E24822DCCECC200A54249 /* AppDelegate.swift */ = {isa = PBXFileReference; lastKnownFileType = sourcecode.swift; path = AppDelegate.swift; sourceTree = "<group>"; };
		BA6E24852DCCEEEA00A54249 /* UserModel.swift */ = {isa = PBXFileReference; lastKnownFileType = sourcecode.swift; path = UserModel.swift; sourceTree = "<group>"; };
		BA6E24872DCCEF2700A54249 /* AuthService.swift */ = {isa = PBXFileReference; lastKnownFileType = sourcecode.swift; path = AuthService.swift; sourceTree = "<group>"; };
		BA8B80D02DE728180031D89E /* AuthorizationView.swift */ = {isa = PBXFileReference; lastKnownFileType = sourcecode.swift; path = AuthorizationView.swift; sourceTree = "<group>"; };
		BA8B80D22DE728480031D89E /* AuthorizationViewModel.swift */ = {isa = PBXFileReference; lastKnownFileType = sourcecode.swift; path = AuthorizationViewModel.swift; sourceTree = "<group>"; };
		BA8B80D62DE72ADC0031D89E /* AuthContainerView.swift */ = {isa = PBXFileReference; lastKnownFileType = sourcecode.swift; path = AuthContainerView.swift; sourceTree = "<group>"; };
		BA8B80D82DE72D290031D89E /* MainTabView.swift */ = {isa = PBXFileReference; lastKnownFileType = sourcecode.swift; path = MainTabView.swift; sourceTree = "<group>"; };
		BAD3C1012DF743440020AF34 /* ProfileViewModel.swift */ = {isa = PBXFileReference; lastKnownFileType = sourcecode.swift; path = ProfileViewModel.swift; sourceTree = "<group>"; };
		BAD3C1032DF744900020AF34 /* ProfileView.swift */ = {isa = PBXFileReference; lastKnownFileType = sourcecode.swift; path = ProfileView.swift; sourceTree = "<group>"; };
		BAD3C1052DF747ED0020AF34 /* SettingsView.swift */ = {isa = PBXFileReference; lastKnownFileType = sourcecode.swift; path = SettingsView.swift; sourceTree = "<group>"; };
		BAD3C1072DF752CA0020AF34 /* SettingsButton.swift */ = {isa = PBXFileReference; lastKnownFileType = sourcecode.swift; path = SettingsButton.swift; sourceTree = "<group>"; };
		BAD3C10B2DF764D30020AF34 /* ImageUploadService.swift */ = {isa = PBXFileReference; lastKnownFileType = sourcecode.swift; path = ImageUploadService.swift; sourceTree = "<group>"; };
		BAD3C10D2DF766220020AF34 /* AvatarPickerView.swift */ = {isa = PBXFileReference; lastKnownFileType = sourcecode.swift; path = AvatarPickerView.swift; sourceTree = "<group>"; };
		BAD3C10F2DF770B40020AF34 /* ProfileAvatarView.swift */ = {isa = PBXFileReference; lastKnownFileType = sourcecode.swift; path = ProfileAvatarView.swift; sourceTree = "<group>"; };
		BAD3C1112DF772490020AF34 /* ProfileInfoView.swift */ = {isa = PBXFileReference; lastKnownFileType = sourcecode.swift; path = ProfileInfoView.swift; sourceTree = "<group>"; };
/* End PBXFileReference section */

/* Begin PBXFrameworksBuildPhase section */
		BA19B6BB2DCCDC3300D5C591 /* Frameworks */ = {
			isa = PBXFrameworksBuildPhase;
			buildActionMask = 2147483647;
			files = (
				BA6E24792DCCEC7D00A54249 /* FirebaseDatabase in Frameworks */,
				BA6E24752DCCEC7D00A54249 /* FirebaseAuth in Frameworks */,
				BA6E24772DCCEC7D00A54249 /* FirebaseAuthCombine-Community in Frameworks */,
				BA6E247F2DCCEC7D00A54249 /* FirebaseFirestoreCombine-Community in Frameworks */,
				BA6E24812DCCEC7D00A54249 /* FirebaseStorage in Frameworks */,
				BA6E247D2DCCEC7D00A54249 /* FirebaseFirestore in Frameworks */,
				BA6E247B2DCCEC7D00A54249 /* FirebaseDynamicLinks in Frameworks */,
			);
			runOnlyForDeploymentPostprocessing = 0;
		};
/* End PBXFrameworksBuildPhase section */

/* Begin PBXGroup section */
		BA19B6B52DCCDC3300D5C591 = {
			isa = PBXGroup;
			children = (
				BA19B6D82DCCE22A00D5C591 /* InText */,
				BA19B6BF2DCCDC3300D5C591 /* Products */,
			);
			sourceTree = "<group>";
		};
		BA19B6BF2DCCDC3300D5C591 /* Products */ = {
			isa = PBXGroup;
			children = (
				BA19B6BE2DCCDC3300D5C591 /* InText.app */,
			);
			name = Products;
			sourceTree = "<group>";
		};
		BA19B6D12DCCE22A00D5C591 /* Modules */ = {
			isa = PBXGroup;
			children = (
				BA8B80D82DE72D290031D89E /* MainTabView.swift */,
				BAD3C0FB2DF741BF0020AF34 /* Profile */,
				BA8B80D42DE72AB90031D89E /* AuthContainer */,
				BA8B80CD2DE726930031D89E /* Authorization */,
				BA19B6DE2DCCE38100D5C591 /* Registration */,
			);
			path = Modules;
			sourceTree = "<group>";
		};
		BA19B6D32DCCE22A00D5C591 /* Preview Content */ = {
			isa = PBXGroup;
			children = (
				BA19B6D22DCCE22A00D5C591 /* Preview Assets.xcassets */,
			);
			path = "Preview Content";
			sourceTree = "<group>";
		};
		BA19B6D42DCCE22A00D5C591 /* Services */ = {
			isa = PBXGroup;
			children = (
				BAD3C10B2DF764D30020AF34 /* ImageUploadService.swift */,
				BA6E24872DCCEF2700A54249 /* AuthService.swift */,
			);
			path = Services;
			sourceTree = "<group>";
		};
		BA19B6D82DCCE22A00D5C591 /* InText */ = {
			isa = PBXGroup;
			children = (
				BA377AAE2DCE460B0077616B /* Helpers */,
				BA19B6D42DCCE22A00D5C591 /* Services */,
				BA19B6D12DCCE22A00D5C591 /* Modules */,
				BA19B6DD2DCCE35E00D5C591 /* Components */,
				BA19B6D52DCCE22A00D5C591 /* Assets.xcassets */,
				BA19B6D62DCCE22A00D5C591 /* ContentView.swift */,
				BA6E24822DCCECC200A54249 /* AppDelegate.swift */,
				BA19B6D72DCCE22A00D5C591 /* InTextApp.swift */,
				BA19B6D32DCCE22A00D5C591 /* Preview Content */,
				BA19B6E42DCCE75E00D5C591 /* GoogleService-Info.plist */,
			);
			path = InText;
			sourceTree = "<group>";
		};
		BA19B6DD2DCCE35E00D5C591 /* Components */ = {
			isa = PBXGroup;
			children = (
				BA377AA82DCE42150077616B /* Styles */,
				BAD3C1112DF772490020AF34 /* ProfileInfoView.swift */,
				BAD3C10F2DF770B40020AF34 /* ProfileAvatarView.swift */,
				BA377AA62DCE41A00077616B /* CustomTextField.swift */,
				BA377AB12DCE48CA0077616B /* AnimatedGradient.swift */,
				BAD3C1072DF752CA0020AF34 /* SettingsButton.swift */,
			);
			path = Components;
			sourceTree = "<group>";
		};
		BA19B6DE2DCCE38100D5C591 /* Registration */ = {
			isa = PBXGroup;
			children = (
				BA6E24842DCCEE6D00A54249 /* Model */,
				BA19B6DF2DCCE39100D5C591 /* View */,
				BA377AAB2DCE44740077616B /* ViewModel */,
			);
			path = Registration;
			sourceTree = "<group>";
		};
		BA19B6DF2DCCE39100D5C591 /* View */ = {
			isa = PBXGroup;
			children = (
				BA19B6E02DCCE3D500D5C591 /* RegistrationView.swift */,
			);
			path = View;
			sourceTree = "<group>";
		};
		BA377AA82DCE42150077616B /* Styles */ = {
			isa = PBXGroup;
			children = (
				BA377AA92DCE421D0077616B /* CustomTextFieldStyle.swift */,
			);
			path = Styles;
			sourceTree = "<group>";
		};
		BA377AAB2DCE44740077616B /* ViewModel */ = {
			isa = PBXGroup;
			children = (
				BA377AAC2DCE44AC0077616B /* RegistrationViewModel.swift */,
			);
			path = ViewModel;
			sourceTree = "<group>";
		};
		BA377AAE2DCE460B0077616B /* Helpers */ = {
			isa = PBXGroup;
			children = (
				BA377AAF2DCE461D0077616B /* RegexEnum.swift */,
			);
			path = Helpers;
			sourceTree = "<group>";
		};
		BA6E24842DCCEE6D00A54249 /* Model */ = {
			isa = PBXGroup;
			children = (
				BA6E24852DCCEEEA00A54249 /* UserModel.swift */,
			);
			path = Model;
			sourceTree = "<group>";
		};
		BA8B80CD2DE726930031D89E /* Authorization */ = {
			isa = PBXGroup;
			children = (
				BA8B80CE2DE726A50031D89E /* View */,
				BA8B80CF2DE726AB0031D89E /* ViewModel */,
			);
			path = Authorization;
			sourceTree = "<group>";
		};
		BA8B80CE2DE726A50031D89E /* View */ = {
			isa = PBXGroup;
			children = (
				BA8B80D02DE728180031D89E /* AuthorizationView.swift */,
			);
			path = View;
			sourceTree = "<group>";
		};
		BA8B80CF2DE726AB0031D89E /* ViewModel */ = {
			isa = PBXGroup;
			children = (
				BA8B80D22DE728480031D89E /* AuthorizationViewModel.swift */,
			);
			path = ViewModel;
			sourceTree = "<group>";
		};
		BA8B80D42DE72AB90031D89E /* AuthContainer */ = {
			isa = PBXGroup;
			children = (
				BA8B80D62DE72ADC0031D89E /* AuthContainerView.swift */,
			);
			path = AuthContainer;
			sourceTree = "<group>";
		};
		BAD3C0FB2DF741BF0020AF34 /* Profile */ = {
			isa = PBXGroup;
			children = (
				BAD3C0FE2DF7423A0020AF34 /* View */,
				BAD3C0FD2DF742310020AF34 /* ViewModel */,
			);
			path = Profile;
			sourceTree = "<group>";
		};
		BAD3C0FD2DF742310020AF34 /* ViewModel */ = {
			isa = PBXGroup;
			children = (
				BAD3C1012DF743440020AF34 /* ProfileViewModel.swift */,
			);
			path = ViewModel;
			sourceTree = "<group>";
		};
		BAD3C0FE2DF7423A0020AF34 /* View */ = {
			isa = PBXGroup;
			children = (
				BAD3C10D2DF766220020AF34 /* AvatarPickerView.swift */,
				BAD3C1052DF747ED0020AF34 /* SettingsView.swift */,
				BAD3C1032DF744900020AF34 /* ProfileView.swift */,
			);
			path = View;
			sourceTree = "<group>";
		};
/* End PBXGroup section */

/* Begin PBXNativeTarget section */
		BA19B6BD2DCCDC3300D5C591 /* InText */ = {
			isa = PBXNativeTarget;
			buildConfigurationList = BA19B6CC2DCCDC3400D5C591 /* Build configuration list for PBXNativeTarget "InText" */;
			buildPhases = (
				BA19B6BA2DCCDC3300D5C591 /* Sources */,
				BA19B6BB2DCCDC3300D5C591 /* Frameworks */,
				BA19B6BC2DCCDC3300D5C591 /* Resources */,
			);
			buildRules = (
			);
			dependencies = (
			);
			name = InText;
			packageProductDependencies = (
				BA6E24742DCCEC7D00A54249 /* FirebaseAuth */,
				BA6E24762DCCEC7D00A54249 /* FirebaseAuthCombine-Community */,
				BA6E24782DCCEC7D00A54249 /* FirebaseDatabase */,
				BA6E247A2DCCEC7D00A54249 /* FirebaseDynamicLinks */,
				BA6E247C2DCCEC7D00A54249 /* FirebaseFirestore */,
				BA6E247E2DCCEC7D00A54249 /* FirebaseFirestoreCombine-Community */,
				BA6E24802DCCEC7D00A54249 /* FirebaseStorage */,
			);
			productName = InText;
			productReference = BA19B6BE2DCCDC3300D5C591 /* InText.app */;
			productType = "com.apple.product-type.application";
		};
/* End PBXNativeTarget section */

/* Begin PBXProject section */
		BA19B6B62DCCDC3300D5C591 /* Project object */ = {
			isa = PBXProject;
			attributes = {
				BuildIndependentTargetsInParallel = 1;
				LastSwiftUpdateCheck = 1620;
				LastUpgradeCheck = 1620;
				TargetAttributes = {
					BA19B6BD2DCCDC3300D5C591 = {
						CreatedOnToolsVersion = 16.2;
					};
				};
			};
			buildConfigurationList = BA19B6B92DCCDC3300D5C591 /* Build configuration list for PBXProject "InText" */;
			developmentRegion = en;
			hasScannedForEncodings = 0;
			knownRegions = (
				en,
				Base,
			);
			mainGroup = BA19B6B52DCCDC3300D5C591;
			minimizedProjectReferenceProxies = 1;
			packageReferences = (
				BA6E24732DCCEC7D00A54249 /* XCRemoteSwiftPackageReference "firebase-ios-sdk" */,
			);
			preferredProjectObjectVersion = 77;
			productRefGroup = BA19B6BF2DCCDC3300D5C591 /* Products */;
			projectDirPath = "";
			projectRoot = "";
			targets = (
				BA19B6BD2DCCDC3300D5C591 /* InText */,
			);
		};
/* End PBXProject section */

/* Begin PBXResourcesBuildPhase section */
		BA19B6BC2DCCDC3300D5C591 /* Resources */ = {
			isa = PBXResourcesBuildPhase;
			buildActionMask = 2147483647;
			files = (
				BA19B6D92DCCE22A00D5C591 /* Preview Assets.xcassets in Resources */,
				BA19B6DA2DCCE22A00D5C591 /* Assets.xcassets in Resources */,
				BA19B6E52DCCE75E00D5C591 /* GoogleService-Info.plist in Resources */,
			);
			runOnlyForDeploymentPostprocessing = 0;
		};
/* End PBXResourcesBuildPhase section */

/* Begin PBXSourcesBuildPhase section */
		BA19B6BA2DCCDC3300D5C591 /* Sources */ = {
			isa = PBXSourcesBuildPhase;
			buildActionMask = 2147483647;
			files = (
				BA377AB02DCE46260077616B /* RegexEnum.swift in Sources */,
				BA8B80D32DE728570031D89E /* AuthorizationViewModel.swift in Sources */,
				BA377AB22DCE48D20077616B /* AnimatedGradient.swift in Sources */,
				BAD3C1102DF770BD0020AF34 /* ProfileAvatarView.swift in Sources */,
				BAD3C1062DF747F30020AF34 /* SettingsView.swift in Sources */,
				BA8B80D12DE728270031D89E /* AuthorizationView.swift in Sources */,
				BA8B80D72DE72AE60031D89E /* AuthContainerView.swift in Sources */,
				BA377AA72DCE41A00077616B /* CustomTextField.swift in Sources */,
				BA377AAD2DCE44BA0077616B /* RegistrationViewModel.swift in Sources */,
				BAD3C10C2DF764DD0020AF34 /* ImageUploadService.swift in Sources */,
				BA19B6E12DCCE3D500D5C591 /* RegistrationView.swift in Sources */,
				BA377AAA2DCE42290077616B /* CustomTextFieldStyle.swift in Sources */,
				BAD3C1042DF744900020AF34 /* ProfileView.swift in Sources */,
				BAD3C1082DF752D10020AF34 /* SettingsButton.swift in Sources */,
				BA19B6DB2DCCE22A00D5C591 /* ContentView.swift in Sources */,
				BAD3C10E2DF7662B0020AF34 /* AvatarPickerView.swift in Sources */,
				BA6E24832DCCECC200A54249 /* AppDelegate.swift in Sources */,
				BAD3C1122DF772510020AF34 /* ProfileInfoView.swift in Sources */,
				BA6E24862DCCEEEA00A54249 /* UserModel.swift in Sources */,
				BA6E24882DCCEF2700A54249 /* AuthService.swift in Sources */,
				BA19B6DC2DCCE22A00D5C591 /* InTextApp.swift in Sources */,
				BAD3C1022DF7434A0020AF34 /* ProfileViewModel.swift in Sources */,
				BA8B80D92DE72D320031D89E /* MainTabView.swift in Sources */,
			);
			runOnlyForDeploymentPostprocessing = 0;
		};
/* End PBXSourcesBuildPhase section */

/* Begin XCBuildConfiguration section */
		BA19B6CA2DCCDC3400D5C591 /* Debug */ = {
			isa = XCBuildConfiguration;
			buildSettings = {
				ALWAYS_SEARCH_USER_PATHS = NO;
				ASSETCATALOG_COMPILER_GENERATE_SWIFT_ASSET_SYMBOL_EXTENSIONS = YES;
				CLANG_ANALYZER_NONNULL = YES;
				CLANG_ANALYZER_NUMBER_OBJECT_CONVERSION = YES_AGGRESSIVE;
				CLANG_CXX_LANGUAGE_STANDARD = "gnu++20";
				CLANG_ENABLE_MODULES = YES;
				CLANG_ENABLE_OBJC_ARC = YES;
				CLANG_ENABLE_OBJC_WEAK = YES;
				CLANG_WARN_BLOCK_CAPTURE_AUTORELEASING = YES;
				CLANG_WARN_BOOL_CONVERSION = YES;
				CLANG_WARN_COMMA = YES;
				CLANG_WARN_CONSTANT_CONVERSION = YES;
				CLANG_WARN_DEPRECATED_OBJC_IMPLEMENTATIONS = YES;
				CLANG_WARN_DIRECT_OBJC_ISA_USAGE = YES_ERROR;
				CLANG_WARN_DOCUMENTATION_COMMENTS = YES;
				CLANG_WARN_EMPTY_BODY = YES;
				CLANG_WARN_ENUM_CONVERSION = YES;
				CLANG_WARN_INFINITE_RECURSION = YES;
				CLANG_WARN_INT_CONVERSION = YES;
				CLANG_WARN_NON_LITERAL_NULL_CONVERSION = YES;
				CLANG_WARN_OBJC_IMPLICIT_RETAIN_SELF = YES;
				CLANG_WARN_OBJC_LITERAL_CONVERSION = YES;
				CLANG_WARN_OBJC_ROOT_CLASS = YES_ERROR;
				CLANG_WARN_QUOTED_INCLUDE_IN_FRAMEWORK_HEADER = YES;
				CLANG_WARN_RANGE_LOOP_ANALYSIS = YES;
				CLANG_WARN_STRICT_PROTOTYPES = YES;
				CLANG_WARN_SUSPICIOUS_MOVE = YES;
				CLANG_WARN_UNGUARDED_AVAILABILITY = YES_AGGRESSIVE;
				CLANG_WARN_UNREACHABLE_CODE = YES;
				CLANG_WARN__DUPLICATE_METHOD_MATCH = YES;
				COPY_PHASE_STRIP = NO;
				DEBUG_INFORMATION_FORMAT = dwarf;
				ENABLE_STRICT_OBJC_MSGSEND = YES;
				ENABLE_TESTABILITY = YES;
				ENABLE_USER_SCRIPT_SANDBOXING = YES;
				GCC_C_LANGUAGE_STANDARD = gnu17;
				GCC_DYNAMIC_NO_PIC = NO;
				GCC_NO_COMMON_BLOCKS = YES;
				GCC_OPTIMIZATION_LEVEL = 0;
				GCC_PREPROCESSOR_DEFINITIONS = (
					"DEBUG=1",
					"$(inherited)",
				);
				GCC_WARN_64_TO_32_BIT_CONVERSION = YES;
				GCC_WARN_ABOUT_RETURN_TYPE = YES_ERROR;
				GCC_WARN_UNDECLARED_SELECTOR = YES;
				GCC_WARN_UNINITIALIZED_AUTOS = YES_AGGRESSIVE;
				GCC_WARN_UNUSED_FUNCTION = YES;
				GCC_WARN_UNUSED_VARIABLE = YES;
				IPHONEOS_DEPLOYMENT_TARGET = 18.2;
				LOCALIZATION_PREFERS_STRING_CATALOGS = YES;
				MTL_ENABLE_DEBUG_INFO = INCLUDE_SOURCE;
				MTL_FAST_MATH = YES;
				ONLY_ACTIVE_ARCH = YES;
				SDKROOT = iphoneos;
				SWIFT_ACTIVE_COMPILATION_CONDITIONS = "DEBUG $(inherited)";
				SWIFT_OPTIMIZATION_LEVEL = "-Onone";
			};
			name = Debug;
		};
		BA19B6CB2DCCDC3400D5C591 /* Release */ = {
			isa = XCBuildConfiguration;
			buildSettings = {
				ALWAYS_SEARCH_USER_PATHS = NO;
				ASSETCATALOG_COMPILER_GENERATE_SWIFT_ASSET_SYMBOL_EXTENSIONS = YES;
				CLANG_ANALYZER_NONNULL = YES;
				CLANG_ANALYZER_NUMBER_OBJECT_CONVERSION = YES_AGGRESSIVE;
				CLANG_CXX_LANGUAGE_STANDARD = "gnu++20";
				CLANG_ENABLE_MODULES = YES;
				CLANG_ENABLE_OBJC_ARC = YES;
				CLANG_ENABLE_OBJC_WEAK = YES;
				CLANG_WARN_BLOCK_CAPTURE_AUTORELEASING = YES;
				CLANG_WARN_BOOL_CONVERSION = YES;
				CLANG_WARN_COMMA = YES;
				CLANG_WARN_CONSTANT_CONVERSION = YES;
				CLANG_WARN_DEPRECATED_OBJC_IMPLEMENTATIONS = YES;
				CLANG_WARN_DIRECT_OBJC_ISA_USAGE = YES_ERROR;
				CLANG_WARN_DOCUMENTATION_COMMENTS = YES;
				CLANG_WARN_EMPTY_BODY = YES;
				CLANG_WARN_ENUM_CONVERSION = YES;
				CLANG_WARN_INFINITE_RECURSION = YES;
				CLANG_WARN_INT_CONVERSION = YES;
				CLANG_WARN_NON_LITERAL_NULL_CONVERSION = YES;
				CLANG_WARN_OBJC_IMPLICIT_RETAIN_SELF = YES;
				CLANG_WARN_OBJC_LITERAL_CONVERSION = YES;
				CLANG_WARN_OBJC_ROOT_CLASS = YES_ERROR;
				CLANG_WARN_QUOTED_INCLUDE_IN_FRAMEWORK_HEADER = YES;
				CLANG_WARN_RANGE_LOOP_ANALYSIS = YES;
				CLANG_WARN_STRICT_PROTOTYPES = YES;
				CLANG_WARN_SUSPICIOUS_MOVE = YES;
				CLANG_WARN_UNGUARDED_AVAILABILITY = YES_AGGRESSIVE;
				CLANG_WARN_UNREACHABLE_CODE = YES;
				CLANG_WARN__DUPLICATE_METHOD_MATCH = YES;
				COPY_PHASE_STRIP = NO;
				DEBUG_INFORMATION_FORMAT = "dwarf-with-dsym";
				ENABLE_NS_ASSERTIONS = NO;
				ENABLE_STRICT_OBJC_MSGSEND = YES;
				ENABLE_USER_SCRIPT_SANDBOXING = YES;
				GCC_C_LANGUAGE_STANDARD = gnu17;
				GCC_NO_COMMON_BLOCKS = YES;
				GCC_WARN_64_TO_32_BIT_CONVERSION = YES;
				GCC_WARN_ABOUT_RETURN_TYPE = YES_ERROR;
				GCC_WARN_UNDECLARED_SELECTOR = YES;
				GCC_WARN_UNINITIALIZED_AUTOS = YES_AGGRESSIVE;
				GCC_WARN_UNUSED_FUNCTION = YES;
				GCC_WARN_UNUSED_VARIABLE = YES;
				IPHONEOS_DEPLOYMENT_TARGET = 18.2;
				LOCALIZATION_PREFERS_STRING_CATALOGS = YES;
				MTL_ENABLE_DEBUG_INFO = NO;
				MTL_FAST_MATH = YES;
				SDKROOT = iphoneos;
				SWIFT_COMPILATION_MODE = wholemodule;
				VALIDATE_PRODUCT = YES;
			};
			name = Release;
		};
		BA19B6CD2DCCDC3400D5C591 /* Debug */ = {
			isa = XCBuildConfiguration;
			buildSettings = {
				ASSETCATALOG_COMPILER_APPICON_NAME = AppIcon;
				ASSETCATALOG_COMPILER_GLOBAL_ACCENT_COLOR_NAME = AccentColor;
				CODE_SIGN_STYLE = Automatic;
				CURRENT_PROJECT_VERSION = 1;
				DEVELOPMENT_ASSET_PATHS = "\"InText/Preview Content\"";
				DEVELOPMENT_TEAM = ALBWWMG47L;
				ENABLE_PREVIEWS = YES;
				GENERATE_INFOPLIST_FILE = YES;
				INFOPLIST_KEY_UIApplicationSceneManifest_Generation = YES;
				INFOPLIST_KEY_UIApplicationSupportsIndirectInputEvents = YES;
				INFOPLIST_KEY_UILaunchScreen_Generation = YES;
				INFOPLIST_KEY_UISupportedInterfaceOrientations_iPad = "UIInterfaceOrientationPortrait UIInterfaceOrientationPortraitUpsideDown UIInterfaceOrientationLandscapeLeft UIInterfaceOrientationLandscapeRight";
				INFOPLIST_KEY_UISupportedInterfaceOrientations_iPhone = "UIInterfaceOrientationPortrait UIInterfaceOrientationLandscapeLeft UIInterfaceOrientationLandscapeRight";
				LD_RUNPATH_SEARCH_PATHS = (
					"$(inherited)",
					"@executable_path/Frameworks",
				);
				MARKETING_VERSION = 1.0;
				PRODUCT_BUNDLE_IDENTIFIER = com.kerikg.InText;
				PRODUCT_NAME = "$(TARGET_NAME)";
				SWIFT_EMIT_LOC_STRINGS = YES;
				SWIFT_VERSION = 5.0;
				TARGETED_DEVICE_FAMILY = "1,2";
			};
			name = Debug;
		};
		BA19B6CE2DCCDC3400D5C591 /* Release */ = {
			isa = XCBuildConfiguration;
			buildSettings = {
				ASSETCATALOG_COMPILER_APPICON_NAME = AppIcon;
				ASSETCATALOG_COMPILER_GLOBAL_ACCENT_COLOR_NAME = AccentColor;
				CODE_SIGN_STYLE = Automatic;
				CURRENT_PROJECT_VERSION = 1;
				DEVELOPMENT_ASSET_PATHS = "\"InText/Preview Content\"";
				DEVELOPMENT_TEAM = ALBWWMG47L;
				ENABLE_PREVIEWS = YES;
				GENERATE_INFOPLIST_FILE = YES;
				INFOPLIST_KEY_UIApplicationSceneManifest_Generation = YES;
				INFOPLIST_KEY_UIApplicationSupportsIndirectInputEvents = YES;
				INFOPLIST_KEY_UILaunchScreen_Generation = YES;
				INFOPLIST_KEY_UISupportedInterfaceOrientations_iPad = "UIInterfaceOrientationPortrait UIInterfaceOrientationPortraitUpsideDown UIInterfaceOrientationLandscapeLeft UIInterfaceOrientationLandscapeRight";
				INFOPLIST_KEY_UISupportedInterfaceOrientations_iPhone = "UIInterfaceOrientationPortrait UIInterfaceOrientationLandscapeLeft UIInterfaceOrientationLandscapeRight";
				LD_RUNPATH_SEARCH_PATHS = (
					"$(inherited)",
					"@executable_path/Frameworks",
				);
				MARKETING_VERSION = 1.0;
				PRODUCT_BUNDLE_IDENTIFIER = com.kerikg.InText;
				PRODUCT_NAME = "$(TARGET_NAME)";
				SWIFT_EMIT_LOC_STRINGS = YES;
				SWIFT_VERSION = 5.0;
				TARGETED_DEVICE_FAMILY = "1,2";
			};
			name = Release;
		};
/* End XCBuildConfiguration section */

/* Begin XCConfigurationList section */
		BA19B6B92DCCDC3300D5C591 /* Build configuration list for PBXProject "InText" */ = {
			isa = XCConfigurationList;
			buildConfigurations = (
				BA19B6CA2DCCDC3400D5C591 /* Debug */,
				BA19B6CB2DCCDC3400D5C591 /* Release */,
			);
			defaultConfigurationIsVisible = 0;
			defaultConfigurationName = Release;
		};
		BA19B6CC2DCCDC3400D5C591 /* Build configuration list for PBXNativeTarget "InText" */ = {
			isa = XCConfigurationList;
			buildConfigurations = (
				BA19B6CD2DCCDC3400D5C591 /* Debug */,
				BA19B6CE2DCCDC3400D5C591 /* Release */,
			);
			defaultConfigurationIsVisible = 0;
			defaultConfigurationName = Release;
		};
/* End XCConfigurationList section */

/* Begin XCRemoteSwiftPackageReference section */
		BA6E24732DCCEC7D00A54249 /* XCRemoteSwiftPackageReference "firebase-ios-sdk" */ = {
			isa = XCRemoteSwiftPackageReference;
			repositoryURL = "https://github.com/firebase/firebase-ios-sdk.git";
			requirement = {
				kind = upToNextMajorVersion;
				minimumVersion = 11.12.0;
			};
		};
/* End XCRemoteSwiftPackageReference section */

/* Begin XCSwiftPackageProductDependency section */
		BA6E24742DCCEC7D00A54249 /* FirebaseAuth */ = {
			isa = XCSwiftPackageProductDependency;
			package = BA6E24732DCCEC7D00A54249 /* XCRemoteSwiftPackageReference "firebase-ios-sdk" */;
			productName = FirebaseAuth;
		};
		BA6E24762DCCEC7D00A54249 /* FirebaseAuthCombine-Community */ = {
			isa = XCSwiftPackageProductDependency;
			package = BA6E24732DCCEC7D00A54249 /* XCRemoteSwiftPackageReference "firebase-ios-sdk" */;
			productName = "FirebaseAuthCombine-Community";
		};
		BA6E24782DCCEC7D00A54249 /* FirebaseDatabase */ = {
			isa = XCSwiftPackageProductDependency;
			package = BA6E24732DCCEC7D00A54249 /* XCRemoteSwiftPackageReference "firebase-ios-sdk" */;
			productName = FirebaseDatabase;
		};
		BA6E247A2DCCEC7D00A54249 /* FirebaseDynamicLinks */ = {
			isa = XCSwiftPackageProductDependency;
			package = BA6E24732DCCEC7D00A54249 /* XCRemoteSwiftPackageReference "firebase-ios-sdk" */;
			productName = FirebaseDynamicLinks;
		};
		BA6E247C2DCCEC7D00A54249 /* FirebaseFirestore */ = {
			isa = XCSwiftPackageProductDependency;
			package = BA6E24732DCCEC7D00A54249 /* XCRemoteSwiftPackageReference "firebase-ios-sdk" */;
			productName = FirebaseFirestore;
		};
		BA6E247E2DCCEC7D00A54249 /* FirebaseFirestoreCombine-Community */ = {
			isa = XCSwiftPackageProductDependency;
			package = BA6E24732DCCEC7D00A54249 /* XCRemoteSwiftPackageReference "firebase-ios-sdk" */;
			productName = "FirebaseFirestoreCombine-Community";
		};
		BA6E24802DCCEC7D00A54249 /* FirebaseStorage */ = {
			isa = XCSwiftPackageProductDependency;
			package = BA6E24732DCCEC7D00A54249 /* XCRemoteSwiftPackageReference "firebase-ios-sdk" */;
			productName = FirebaseStorage;
		};
/* End XCSwiftPackageProductDependency section */
	};
	rootObject = BA19B6B62DCCDC3300D5C591 /* Project object */;
}
